// !$*UTF8*$!
{
	archiveVersion = 1;
	classes = {
	};
	objectVersion = 56;
	objects = {

/* Begin PBXBuildFile section */
		4556DF913B2197143CFF2608 /* Pods_SwiftTest.framework in Frameworks */ = {isa = PBXBuildFile; fileRef = 25B8DCF0633E670FFD92F13D /* Pods_SwiftTest.framework */; };
		CE03C52C2DB72AEB0014E9EE /* ViewSizeCalculator.swift in Sources */ = {isa = PBXBuildFile; fileRef = CE03C52B2DB72AE90014E9EE /* ViewSizeCalculator.swift */; };
		CE03C52E2DB73AFD0014E9EE /* CustomBitTool.swift in Sources */ = {isa = PBXBuildFile; fileRef = CE03C52D2DB73AF30014E9EE /* CustomBitTool.swift */; };
		CE03C5302DB76A360014E9EE /* FileManager-Ex.swift in Sources */ = {isa = PBXBuildFile; fileRef = CE03C52F2DB76A330014E9EE /* FileManager-Ex.swift */; };
		CE03C5322DB772850014E9EE /* String-Ex.swift in Sources */ = {isa = PBXBuildFile; fileRef = CE03C5312DB772820014E9EE /* String-Ex.swift */; };
		CE03C5342DB77B920014E9EE /* UIView-Ex.swift in Sources */ = {isa = PBXBuildFile; fileRef = CE03C5332DB77B900014E9EE /* UIView-Ex.swift */; };
		CE03C5362DB77C350014E9EE /* CustomLog.swift in Sources */ = {isa = PBXBuildFile; fileRef = CE03C5352DB77C330014E9EE /* CustomLog.swift */; };
		CE03C5382DB77C560014E9EE /* CustomAlert.swift in Sources */ = {isa = PBXBuildFile; fileRef = CE03C5372DB77C550014E9EE /* CustomAlert.swift */; };
		CE0B0DB02CA6B6E100D65851 /* CircleView.swift in Sources */ = {isa = PBXBuildFile; fileRef = CE0B0DAF2CA6B6E100D65851 /* CircleView.swift */; };
		CE0FF5C62F552957002213B6 /* MultilineSegmentedControl.swift in Sources */ = {isa = PBXBuildFile; fileRef = CE0FF5C52F552954002213B6 /* MultilineSegmentedControl.swift */; };
		CE15046E2F52C6A100CFF091 /* LanguageManager.swift in Sources */ = {isa = PBXBuildFile; fileRef = CE15046D2F52C6A000CFF091 /* LanguageManager.swift */; };
		CE2092CE2C5B90D2002755D5 /* SectionDecorationLayout.swift in Sources */ = {isa = PBXBuildFile; fileRef = CE2092CD2C5B90D2002755D5 /* SectionDecorationLayout.swift */; };
		CE2092D02C5B91FB002755D5 /* SectionBackgroundReusableView.swift in Sources */ = {isa = PBXBuildFile; fileRef = CE2092CF2C5B91FB002755D5 /* SectionBackgroundReusableView.swift */; };
		CE2597292DD5EDEB00912E1F /* CustomUsbData.swift in Sources */ = {isa = PBXBuildFile; fileRef = CE2597282DD5EDE500912E1F /* CustomUsbData.swift */; };
		CE2F51F22F1DD0B8005A210F /* ChargePageV.swift in Sources */ = {isa = PBXBuildFile; fileRef = CE2F51F12F1DD0B4005A210F /* ChargePageV.swift */; };
		CE2F51F42F1DD43A005A210F /* ChargePageCell.swift in Sources */ = {isa = PBXBuildFile; fileRef = CE2F51F32F1DD439005A210F /* ChargePageCell.swift */; };
		CE2F51F62F1DD553005A210F /* ChargeSettingCell.swift in Sources */ = {isa = PBXBuildFile; fileRef = CE2F51F52F1DD552005A210F /* ChargeSettingCell.swift */; };
		CE2F51F82F1DDE6F005A210F /* CustomPickerRowView.swift in Sources */ = {isa = PBXBuildFile; fileRef = CE2F51F72F1DDE6E005A210F /* CustomPickerRowView.swift */; };
		CE2F51FA2F1DE1E6005A210F /* ProgrammablePageV.swift in Sources */ = {isa = PBXBuildFile; fileRef = CE2F51F92F1DE1E5005A210F /* ProgrammablePageV.swift */; };
		CE2F51FC2F1DE2B4005A210F /* ProgrammablePagelistCell.swift in Sources */ = {isa = PBXBuildFile; fileRef = CE2F51FB2F1DE2B3005A210F /* ProgrammablePagelistCell.swift */; };
		CE2FF29B2DA8A506003B0BB2 /* CustomDataForListComposer.swift in Sources */ = {isa = PBXBuildFile; fileRef = CE2FF29A2DA8A504003B0BB2 /* CustomDataForListComposer.swift */; };
		CE2FF2A12DA8B63B003B0BB2 /* DemoTestVC.swift in Sources */ = {isa = PBXBuildFile; fileRef = CE2FF2A02DA8B63B003B0BB2 /* DemoTestVC.swift */; };
		CE34E7BA2D12D5AC00A18748 /* MockBleManager.swift in Sources */ = {isa = PBXBuildFile; fileRef = CE34E7B92D12D5A800A18748 /* MockBleManager.swift */; };
		CE36A5352F34769900BEA9CA /* MailItem.swift in Sources */ = {isa = PBXBuildFile; fileRef = CE36A5342F34769700BEA9CA /* MailItem.swift */; };
		CE36A5382F3476C300BEA9CA /* PrimaryViewController.swift in Sources */ = {isa = PBXBuildFile; fileRef = CE36A5372F3476C200BEA9CA /* PrimaryViewController.swift */; };
		CE36A53A2F34771400BEA9CA /* DetailViewController.swift in Sources */ = {isa = PBXBuildFile; fileRef = CE36A5392F34771300BEA9CA /* DetailViewController.swift */; };
		CE36A53E2F34774100BEA9CA /* MailSplitViewController.swift in Sources */ = {isa = PBXBuildFile; fileRef = CE36A53D2F34774000BEA9CA /* MailSplitViewController.swift */; };
		CE3D58F22D30D9BD00C6C07F /* RegisterTableViewController.swift in Sources */ = {isa = PBXBuildFile; fileRef = CE3D58F12D30D9BD00C6C07F /* RegisterTableViewController.swift */; };
		CE3D58F52D30D9C500C6C07F /* Register.storyboard in Resources */ = {isa = PBXBuildFile; fileRef = CE3D58F42D30D9C500C6C07F /* Register.storyboard */; };
		CE3DEACC2F1A1BE500367151 /* TestBaseVC.swift in Sources */ = {isa = PBXBuildFile; fileRef = CE3DEACB2F1A1BE400367151 /* TestBaseVC.swift */; };
		CE3DEACE2F1A1E0100367151 /* CustomPickViewVC.swift in Sources */ = {isa = PBXBuildFile; fileRef = CE3DEACD2F1A1DF900367151 /* CustomPickViewVC.swift */; };
		CE3DEAD22F1A202F00367151 /* VCEx_forWheelNumberPicker.swift in Sources */ = {isa = PBXBuildFile; fileRef = CE3DEAD12F1A202D00367151 /* VCEx_forWheelNumberPicker.swift */; };
		CE3DEAD42F1A3F6C00367151 /* VCEx_forBottomMenu.swift in Sources */ = {isa = PBXBuildFile; fileRef = CE3DEAD32F1A3F5E00367151 /* VCEx_forBottomMenu.swift */; };
		CE56B57A2D3796900080C865 /* ResetPasswordTableViewController.swift in Sources */ = {isa = PBXBuildFile; fileRef = CE56B5792D3796900080C865 /* ResetPasswordTableViewController.swift */; };
		CE56B57C2D379E400080C865 /* CustomLoginTableViewController.swift in Sources */ = {isa = PBXBuildFile; fileRef = CE56B57B2D379E400080C865 /* CustomLoginTableViewController.swift */; };
		CE5968622DA754D700915775 /* ListTypeBasicViewcontroller.swift in Sources */ = {isa = PBXBuildFile; fileRef = CE5968612DA754D700915775 /* ListTypeBasicViewcontroller.swift */; };
		CE5968642DA77A8B00915775 /* ListTypeBasicModel.swift in Sources */ = {isa = PBXBuildFile; fileRef = CE5968632DA77A8900915775 /* ListTypeBasicModel.swift */; };
		CE5968662DA77BDD00915775 /* Serializable.swift in Sources */ = {isa = PBXBuildFile; fileRef = CE5968652DA77BDC00915775 /* Serializable.swift */; };
		CE59686A2DA7D17900915775 /* DemoSelectedListTypeVC.swift in Sources */ = {isa = PBXBuildFile; fileRef = CE5968692DA7D17900915775 /* DemoSelectedListTypeVC.swift */; };
		CE6A5E072F307EAC001D925A /* SwipeableTableCell.swift in Sources */ = {isa = PBXBuildFile; fileRef = CE6A5E062F307EAC001D925A /* SwipeableTableCell.swift */; };
		CE6A5E092F308F48001D925A /* KeyboardHandler.swift in Sources */ = {isa = PBXBuildFile; fileRef = CE6A5E082F308F46001D925A /* KeyboardHandler.swift */; };
		CE6A5E0B2F3093EF001D925A /* UIViewControllerEx.swift in Sources */ = {isa = PBXBuildFile; fileRef = CE6A5E0A2F3093EB001D925A /* UIViewControllerEx.swift */; };
		CE6A77A62D127D2900127069 /* BleManager.swift in Sources */ = {isa = PBXBuildFile; fileRef = CE6A77A52D127D2900127069 /* BleManager.swift */; };
		CE6A77A82D12ABDE00127069 /* BleManagerM.swift in Sources */ = {isa = PBXBuildFile; fileRef = CE6A77A72D12ABDB00127069 /* BleManagerM.swift */; };
		CE6C6E352F19CEA9008F78ED /* CustomSetNumBtn.swift in Sources */ = {isa = PBXBuildFile; fileRef = CE6C6E342F19CEA8008F78ED /* CustomSetNumBtn.swift */; };
		CE6C6E382F19D104008F78ED /* TitleContainer.swift in Sources */ = {isa = PBXBuildFile; fileRef = CE6C6E372F19D0FF008F78ED /* TitleContainer.swift */; };
		CE6C6E3A2F19D1C8008F78ED /* MANIFOLDEXTENDEDCF-BOLD.TTF in Resources */ = {isa = PBXBuildFile; fileRef = CE6C6E392F19D1C8008F78ED /* MANIFOLDEXTENDEDCF-BOLD.TTF */; };
		CE6C6E3C2F19D1D7008F78ED /* SourceHanSansCN-Bold.otf in Resources */ = {isa = PBXBuildFile; fileRef = CE6C6E3B2F19D1D7008F78ED /* SourceHanSansCN-Bold.otf */; };
		CE6C6E3E2F19D1DD008F78ED /* SourceHanSansCN-Regular.otf in Resources */ = {isa = PBXBuildFile; fileRef = CE6C6E3D2F19D1DD008F78ED /* SourceHanSansCN-Regular.otf */; };
		CE6C6E402F19D286008F78ED /* BottommenuV.swift in Sources */ = {isa = PBXBuildFile; fileRef = CE6C6E3F2F19D285008F78ED /* BottommenuV.swift */; };
		CE6C6E422F19D4C4008F78ED /* VCEx_forNumberKeyboard.swift in Sources */ = {isa = PBXBuildFile; fileRef = CE6C6E412F19D487008F78ED /* VCEx_forNumberKeyboard.swift */; };
		CE782ECA2DA5032C002AB2BA /* DemoHomepage.storyboard in Resources */ = {isa = PBXBuildFile; fileRef = CE782EC92DA5032C002AB2BA /* DemoHomepage.storyboard */; };
		CE782ED22DA50AFE002AB2BA /* CustomTableViewCell.swift in Sources */ = {isa = PBXBuildFile; fileRef = CE782ED02DA50AFE002AB2BA /* CustomTableViewCell.swift */; };
		CE782ED32DA50AFE002AB2BA /* CustomTableViewCell.xib in Resources */ = {isa = PBXBuildFile; fileRef = CE782ED12DA50AFE002AB2BA /* CustomTableViewCell.xib */; };
		CE782EDA2DA52576002AB2BA /* CustomCollectionViewCell.swift in Sources */ = {isa = PBXBuildFile; fileRef = CE782ED82DA52576002AB2BA /* CustomCollectionViewCell.swift */; };
		CE782EDB2DA52576002AB2BA /* CustomCollectionViewCell.xib in Resources */ = {isa = PBXBuildFile; fileRef = CE782ED92DA52576002AB2BA /* CustomCollectionViewCell.xib */; };
		CE782EDD2DA52AB4002AB2BA /* CustomCollectionHeaderView.swift in Sources */ = {isa = PBXBuildFile; fileRef = CE782EDC2DA52AB4002AB2BA /* CustomCollectionHeaderView.swift */; };
		CE78332C2D34F4FC006F64EE /* CustomLaunchViewController.swift in Sources */ = {isa = PBXBuildFile; fileRef = CE78332B2D34F4FC006F64EE /* CustomLaunchViewController.swift */; };
		CE7B91582C325724008ECE09 /* Deformed3Dtext.swift in Sources */ = {isa = PBXBuildFile; fileRef = CE7B91572C325724008ECE09 /* Deformed3Dtext.swift */; };
		CE7BADDC2F232E6000762D44 /* PresetPageV.swift in Sources */ = {isa = PBXBuildFile; fileRef = CE7BADDB2F232E5F00762D44 /* PresetPageV.swift */; };
		CE7BADE02F2349F400762D44 /* PresetListCell.swift in Sources */ = {isa = PBXBuildFile; fileRef = CE7BADDF2F2349F300762D44 /* PresetListCell.swift */; };
		CE7BADE22F2361A000762D44 /* PresetSublistCell.swift in Sources */ = {isa = PBXBuildFile; fileRef = CE7BADE12F2361A000762D44 /* PresetSublistCell.swift */; };
		CE7BADE42F23663C00762D44 /* VCEx_forWorkpage.swift in Sources */ = {isa = PBXBuildFile; fileRef = CE7BADE32F23662F00762D44 /* VCEx_forWorkpage.swift */; };
		CE7BE0812C0D73D800DED639 /* AppDelegate.swift in Sources */ = {isa = PBXBuildFile; fileRef = CE7BE0802C0D73D800DED639 /* AppDelegate.swift */; };
		CE7BE0832C0D73D800DED639 /* SceneDelegate.swift in Sources */ = {isa = PBXBuildFile; fileRef = CE7BE0822C0D73D800DED639 /* SceneDelegate.swift */; };
		CE7BE08B2C0D73D800DED639 /* SwiftTest.xcdatamodeld in Sources */ = {isa = PBXBuildFile; fileRef = CE7BE0892C0D73D800DED639 /* SwiftTest.xcdatamodeld */; };
		CE7BE08D2C0D73D900DED639 /* Assets.xcassets in Resources */ = {isa = PBXBuildFile; fileRef = CE7BE08C2C0D73D900DED639 /* Assets.xcassets */; };
		CE7BE0F82C0D96F700DED639 /* LaunchScreen.storyboard in Resources */ = {isa = PBXBuildFile; fileRef = CE7BE0F72C0D96F700DED639 /* LaunchScreen.storyboard */; };
		CE7BE0FA2C0DC3A200DED639 /* Constants.swift in Sources */ = {isa = PBXBuildFile; fileRef = CE7BE0F92C0DC3A200DED639 /* Constants.swift */; };
		CE9EA4DD2C5CC10C0032D17B /* CustomRectView.swift in Sources */ = {isa = PBXBuildFile; fileRef = CE9EA4DC2C5CC10C0032D17B /* CustomRectView.swift */; };
		CEA0C6A92DAD0E54003CBAC1 /* CustomSystemTime.swift in Sources */ = {isa = PBXBuildFile; fileRef = CEA0C6A82DAD0E4F003CBAC1 /* CustomSystemTime.swift */; };
		CEA572D22DB65F6B001DE50D /* MathUtil.swift in Sources */ = {isa = PBXBuildFile; fileRef = CEA572D12DB65F6A001DE50D /* MathUtil.swift */; };
		CEA572D42DB66A08001DE50D /* UIColor-Ex.swift in Sources */ = {isa = PBXBuildFile; fileRef = CEA572D32DB66A04001DE50D /* UIColor-Ex.swift */; };
		CEB5CCA12DAF43F6000BB5BE /* DemoTestV.swift in Sources */ = {isa = PBXBuildFile; fileRef = CEB5CCA02DAF43F6000BB5BE /* DemoTestV.swift */; };
		CEB5CCA32DAF6578000BB5BE /* DemoTestM.swift in Sources */ = {isa = PBXBuildFile; fileRef = CEB5CCA22DAF6576000BB5BE /* DemoTestM.swift */; };
		CEB5CCA52DAF846A000BB5BE /* CustomSlider.swift in Sources */ = {isa = PBXBuildFile; fileRef = CEB5CCA42DAF8466000BB5BE /* CustomSlider.swift */; };
		CEC96FD52F35A38C00388F6C /* SectionItem.swift in Sources */ = {isa = PBXBuildFile; fileRef = CEC96FD42F35A38A00388F6C /* SectionItem.swift */; };
		CEC96FD82F35A3B700388F6C /* ExpandableDecorationCollectionViewController.swift in Sources */ = {isa = PBXBuildFile; fileRef = CEC96FD72F35A3AB00388F6C /* ExpandableDecorationCollectionViewController.swift */; };
		CEC96FDB2F35A47C00388F6C /* ExpandableSectionHeaderView.swift in Sources */ = {isa = PBXBuildFile; fileRef = CEC96FDA2F35A47B00388F6C /* ExpandableSectionHeaderView.swift */; };
		CEC96FDD2F35CD9600388F6C /* ExpandableCollectionViewCell.swift in Sources */ = {isa = PBXBuildFile; fileRef = CEC96FDC2F35CD9500388F6C /* ExpandableCollectionViewCell.swift */; };
		CEC96FE02F35EEF600388F6C /* BaseV.swift in Sources */ = {isa = PBXBuildFile; fileRef = CEC96FDF2F35EEF200388F6C /* BaseV.swift */; };
		CECB34A82D0FD195004F6809 /* CircularProgressV.swift in Sources */ = {isa = PBXBuildFile; fileRef = CECB34A72D0FD195004F6809 /* CircularProgressV.swift */; };
		CECD4F372F299F3300762512 /* VCEx_forPresetpage.swift in Sources */ = {isa = PBXBuildFile; fileRef = CECD4F362F299F2200762512 /* VCEx_forPresetpage.swift */; };
		CECD4F392F2A17A200762512 /* VCEx_forProgrammablepage.swift in Sources */ = {isa = PBXBuildFile; fileRef = CECD4F382F2A178700762512 /* VCEx_forProgrammablepage.swift */; };
		CECD4F3B2F2A2B3900762512 /* PickVandKeyboardEx_forPublicMethods.swift in Sources */ = {isa = PBXBuildFile; fileRef = CECD4F3A2F2A2B0900762512 /* PickVandKeyboardEx_forPublicMethods.swift */; };
		CECD4F3D2F2A2C6600762512 /* SettingsCell.swift in Sources */ = {isa = PBXBuildFile; fileRef = CECD4F3C2F2A2C6400762512 /* SettingsCell.swift */; };
		CECD4F3F2F2A2E1D00762512 /* SettingPageV.swift in Sources */ = {isa = PBXBuildFile; fileRef = CECD4F3E2F2A2E1B00762512 /* SettingPageV.swift */; };
		CECD5D472CEF42D800A50EB5 /* GlobalFunctions.swift in Sources */ = {isa = PBXBuildFile; fileRef = CECD5D462CEF42D800A50EB5 /* GlobalFunctions.swift */; };
		CECD5D4B2CEF4F8900A50EB5 /* beep.mp3 in Resources */ = {isa = PBXBuildFile; fileRef = CECD5D4A2CEF4F8900A50EB5 /* beep.mp3 */; };
		CED9EE002C3CD59900FB02BB /* MVC.swift in Sources */ = {isa = PBXBuildFile; fileRef = CED9EDFF2C3CD59900FB02BB /* MVC.swift */; };
		CED9EE042C3CE64C00FB02BB /* MVVM_Controller.swift in Sources */ = {isa = PBXBuildFile; fileRef = CED9EE032C3CE64C00FB02BB /* MVVM_Controller.swift */; };
		CED9EE062C3D33DA00FB02BB /* MVP_C.swift in Sources */ = {isa = PBXBuildFile; fileRef = CED9EE052C3D33DA00FB02BB /* MVP_C.swift */; };
		CEDA62772C956EB0003B46C3 /* SectionDecorationViewCollectionViewLayoutAttributes.swift in Sources */ = {isa = PBXBuildFile; fileRef = CEDA62762C956EB0003B46C3 /* SectionDecorationViewCollectionViewLayoutAttributes.swift */; };
		CEDA627A2C957159003B46C3 /* Extentions.swift in Sources */ = {isa = PBXBuildFile; fileRef = CEDA62792C957159003B46C3 /* Extentions.swift */; };
		CEE2C1A62F28C18300E7B747 /* ModelEx_forWorkpage.swift in Sources */ = {isa = PBXBuildFile; fileRef = CEE2C1A52F28C17000E7B747 /* ModelEx_forWorkpage.swift */; };
		CEE2C1A82F28C1D600E7B747 /* Structs.swift in Sources */ = {isa = PBXBuildFile; fileRef = CEE2C1A72F28C1CF00E7B747 /* Structs.swift */; };
		CEE2C1AA2F28C31C00E7B747 /* Enums.swift in Sources */ = {isa = PBXBuildFile; fileRef = CEE2C1A92F28C31A00E7B747 /* Enums.swift */; };
		CEEC9AC72C0EACAC00D93389 /* CommonClass.swift in Sources */ = {isa = PBXBuildFile; fileRef = CEEC9AC62C0EACAC00D93389 /* CommonClass.swift */; };
		CEF2291B2DA6775800A4BA2D /* CustomSelectionViewController.swift in Sources */ = {isa = PBXBuildFile; fileRef = CEF2291A2DA6775800A4BA2D /* CustomSelectionViewController.swift */; };
		CEF2C79C2DB0B38000D18585 /* CustomExpandedTapView.swift in Sources */ = {isa = PBXBuildFile; fileRef = CEF2C79B2DB0B37E00D18585 /* CustomExpandedTapView.swift */; };
		CEF613572DD6D58600A262D4 /* Localizable.strings in Resources */ = {isa = PBXBuildFile; fileRef = CEF613562DD6D58600A262D4 /* Localizable.strings */; };
		CEF6135B2DD6EF4000A262D4 /* TimeFormatter.swift in Sources */ = {isa = PBXBuildFile; fileRef = CEF6135A2DD6EF3E00A262D4 /* TimeFormatter.swift */; };
		CEF6135D2DD7229000A262D4 /* CustomNotification.swift in Sources */ = {isa = PBXBuildFile; fileRef = CEF6135C2DD7228C00A262D4 /* CustomNotification.swift */; };
		CEFC07DC2D1D581E00693657 /* CustomLogin.storyboard in Resources */ = {isa = PBXBuildFile; fileRef = CEFC07DB2D1D581E00693657 /* CustomLogin.storyboard */; };
		CEFDA7B62F188418004E4893 /* PickVandNumberKeyboard.swift in Sources */ = {isa = PBXBuildFile; fileRef = CEFDA7B52F18840E004E4893 /* PickVandNumberKeyboard.swift */; };
		CEFDA7BA2F1890BE004E4893 /* bahnschrift.ttf in Resources */ = {isa = PBXBuildFile; fileRef = CEFDA7B92F1890BE004E4893 /* bahnschrift.ttf */; };
		CEFDA7BB2F1890BE004E4893 /* ISDTYAHEI.TTF in Resources */ = {isa = PBXBuildFile; fileRef = CEFDA7B82F1890BE004E4893 /* ISDTYAHEI.TTF */; };
		CEFDA7BF2F18D06C004E4893 /* WheelNumberPicker.swift in Sources */ = {isa = PBXBuildFile; fileRef = CEFDA7BE2F18D06B004E4893 /* WheelNumberPicker.swift */; };
		CEFDA7C12F18D422004E4893 /* NumberKeyboardView.swift in Sources */ = {isa = PBXBuildFile; fileRef = CEFDA7C02F18D421004E4893 /* NumberKeyboardView.swift */; };
		CEFDA7C32F18D505004E4893 /* NumberKeyboardManager.swift in Sources */ = {isa = PBXBuildFile; fileRef = CEFDA7C22F18D504004E4893 /* NumberKeyboardManager.swift */; };
		CEFDA7C52F18D531004E4893 /* NumberKeyCell.swift in Sources */ = {isa = PBXBuildFile; fileRef = CEFDA7C42F18D530004E4893 /* NumberKeyCell.swift */; };
		CEFFEE7B2F1A11DC003BFA32 /* CustomPickViewM.swift in Sources */ = {isa = PBXBuildFile; fileRef = CEFFEE7A2F1A11C8003BFA32 /* CustomPickViewM.swift */; };
/* End PBXBuildFile section */

/* Begin PBXFileReference section */
		25B8DCF0633E670FFD92F13D /* Pods_SwiftTest.framework */ = {isa = PBXFileReference; explicitFileType = wrapper.framework; includeInIndex = 0; path = Pods_SwiftTest.framework; sourceTree = BUILT_PRODUCTS_DIR; };
		53939064D43031C817C1379D /* Pods-SwiftTest.release.xcconfig */ = {isa = PBXFileReference; includeInIndex = 1; lastKnownFileType = text.xcconfig; name = "Pods-SwiftTest.release.xcconfig"; path = "Target Support Files/Pods-SwiftTest/Pods-SwiftTest.release.xcconfig"; sourceTree = "<group>"; };
		A5D43225E8A26F910CDEF5BC /* Pods-SwiftTest.debug.xcconfig */ = {isa = PBXFileReference; includeInIndex = 1; lastKnownFileType = text.xcconfig; name = "Pods-SwiftTest.debug.xcconfig"; path = "Target Support Files/Pods-SwiftTest/Pods-SwiftTest.debug.xcconfig"; sourceTree = "<group>"; };
		CE03C52B2DB72AE90014E9EE /* ViewSizeCalculator.swift */ = {isa = PBXFileReference; lastKnownFileType = sourcecode.swift; path = ViewSizeCalculator.swift; sourceTree = "<group>"; };
		CE03C52D2DB73AF30014E9EE /* CustomBitTool.swift */ = {isa = PBXFileReference; lastKnownFileType = sourcecode.swift; path = CustomBitTool.swift; sourceTree = "<group>"; };
		CE03C52F2DB76A330014E9EE /* FileManager-Ex.swift */ = {isa = PBXFileReference; lastKnownFileType = sourcecode.swift; path = "FileManager-Ex.swift"; sourceTree = "<group>"; };
		CE03C5312DB772820014E9EE /* String-Ex.swift */ = {isa = PBXFileReference; lastKnownFileType = sourcecode.swift; path = "String-Ex.swift"; sourceTree = "<group>"; };
		CE03C5332DB77B900014E9EE /* UIView-Ex.swift */ = {isa = PBXFileReference; lastKnownFileType = sourcecode.swift; path = "UIView-Ex.swift"; sourceTree = "<group>"; };
		CE03C5352DB77C330014E9EE /* CustomLog.swift */ = {isa = PBXFileReference; lastKnownFileType = sourcecode.swift; path = CustomLog.swift; sourceTree = "<group>"; };
		CE03C5372DB77C550014E9EE /* CustomAlert.swift */ = {isa = PBXFileReference; lastKnownFileType = sourcecode.swift; path = CustomAlert.swift; sourceTree = "<group>"; };
		CE0B0DAF2CA6B6E100D65851 /* CircleView.swift */ = {isa = PBXFileReference; lastKnownFileType = sourcecode.swift; path = CircleView.swift; sourceTree = "<group>"; };
		CE0FF5C52F552954002213B6 /* MultilineSegmentedControl.swift */ = {isa = PBXFileReference; lastKnownFileType = sourcecode.swift; path = MultilineSegmentedControl.swift; sourceTree = "<group>"; };
		CE15046D2F52C6A000CFF091 /* LanguageManager.swift */ = {isa = PBXFileReference; lastKnownFileType = sourcecode.swift; path = LanguageManager.swift; sourceTree = "<group>"; };
		CE2092CD2C5B90D2002755D5 /* SectionDecorationLayout.swift */ = {isa = PBXFileReference; lastKnownFileType = sourcecode.swift; path = SectionDecorationLayout.swift; sourceTree = "<group>"; };
		CE2092CF2C5B91FB002755D5 /* SectionBackgroundReusableView.swift */ = {isa = PBXFileReference; lastKnownFileType = sourcecode.swift; path = SectionBackgroundReusableView.swift; sourceTree = "<group>"; };
		CE2597282DD5EDE500912E1F /* CustomUsbData.swift */ = {isa = PBXFileReference; lastKnownFileType = sourcecode.swift; path = CustomUsbData.swift; sourceTree = "<group>"; };
		CE2F51F12F1DD0B4005A210F /* ChargePageV.swift */ = {isa = PBXFileReference; lastKnownFileType = sourcecode.swift; path = ChargePageV.swift; sourceTree = "<group>"; };
		CE2F51F32F1DD439005A210F /* ChargePageCell.swift */ = {isa = PBXFileReference; lastKnownFileType = sourcecode.swift; path = ChargePageCell.swift; sourceTree = "<group>"; };
		CE2F51F52F1DD552005A210F /* ChargeSettingCell.swift */ = {isa = PBXFileReference; lastKnownFileType = sourcecode.swift; path = ChargeSettingCell.swift; sourceTree = "<group>"; };
		CE2F51F72F1DDE6E005A210F /* CustomPickerRowView.swift */ = {isa = PBXFileReference; lastKnownFileType = sourcecode.swift; path = CustomPickerRowView.swift; sourceTree = "<group>"; };
		CE2F51F92F1DE1E5005A210F /* ProgrammablePageV.swift */ = {isa = PBXFileReference; lastKnownFileType = sourcecode.swift; path = ProgrammablePageV.swift; sourceTree = "<group>"; };
		CE2F51FB2F1DE2B3005A210F /* ProgrammablePagelistCell.swift */ = {isa = PBXFileReference; lastKnownFileType = sourcecode.swift; path = ProgrammablePagelistCell.swift; sourceTree = "<group>"; };
		CE2FF29A2DA8A504003B0BB2 /* CustomDataForListComposer.swift */ = {isa = PBXFileReference; lastKnownFileType = sourcecode.swift; path = CustomDataForListComposer.swift; sourceTree = "<group>"; };
		CE2FF2A02DA8B63B003B0BB2 /* DemoTestVC.swift */ = {isa = PBXFileReference; lastKnownFileType = sourcecode.swift; path = DemoTestVC.swift; sourceTree = "<group>"; };
		CE34E7B92D12D5A800A18748 /* MockBleManager.swift */ = {isa = PBXFileReference; lastKnownFileType = sourcecode.swift; path = MockBleManager.swift; sourceTree = "<group>"; };
		CE36A5342F34769700BEA9CA /* MailItem.swift */ = {isa = PBXFileReference; lastKnownFileType = sourcecode.swift; path = MailItem.swift; sourceTree = "<group>"; };
		CE36A5372F3476C200BEA9CA /* PrimaryViewController.swift */ = {isa = PBXFileReference; lastKnownFileType = sourcecode.swift; path = PrimaryViewController.swift; sourceTree = "<group>"; };
		CE36A5392F34771300BEA9CA /* DetailViewController.swift */ = {isa = PBXFileReference; lastKnownFileType = sourcecode.swift; path = DetailViewController.swift; sourceTree = "<group>"; };
		CE36A53D2F34774000BEA9CA /* MailSplitViewController.swift */ = {isa = PBXFileReference; lastKnownFileType = sourcecode.swift; path = MailSplitViewController.swift; sourceTree = "<group>"; };
		CE3D58F12D30D9BD00C6C07F /* RegisterTableViewController.swift */ = {isa = PBXFileReference; lastKnownFileType = sourcecode.swift; path = RegisterTableViewController.swift; sourceTree = "<group>"; };
		CE3D58F32D30D9C500C6C07F /* Register.storyboard */ = {isa = PBXFileReference; lastKnownFileType = file.storyboard; name = Register.storyboard; path = Base.lproj/Register.storyboard; sourceTree = "<group>"; };
		CE3DEACB2F1A1BE400367151 /* TestBaseVC.swift */ = {isa = PBXFileReference; lastKnownFileType = sourcecode.swift; path = TestBaseVC.swift; sourceTree = "<group>"; };
		CE3DEACD2F1A1DF900367151 /* CustomPickViewVC.swift */ = {isa = PBXFileReference; lastKnownFileType = sourcecode.swift; path = CustomPickViewVC.swift; sourceTree = "<group>"; };
		CE3DEAD12F1A202D00367151 /* VCEx_forWheelNumberPicker.swift */ = {isa = PBXFileReference; lastKnownFileType = sourcecode.swift; path = VCEx_forWheelNumberPicker.swift; sourceTree = "<group>"; };
		CE3DEAD32F1A3F5E00367151 /* VCEx_forBottomMenu.swift */ = {isa = PBXFileReference; lastKnownFileType = sourcecode.swift; path = VCEx_forBottomMenu.swift; sourceTree = "<group>"; };
		CE56B5792D3796900080C865 /* ResetPasswordTableViewController.swift */ = {isa = PBXFileReference; lastKnownFileType = sourcecode.swift; path = ResetPasswordTableViewController.swift; sourceTree = "<group>"; };
		CE56B57B2D379E400080C865 /* CustomLoginTableViewController.swift */ = {isa = PBXFileReference; lastKnownFileType = sourcecode.swift; path = CustomLoginTableViewController.swift; sourceTree = "<group>"; };
		CE5968612DA754D700915775 /* ListTypeBasicViewcontroller.swift */ = {isa = PBXFileReference; lastKnownFileType = sourcecode.swift; path = ListTypeBasicViewcontroller.swift; sourceTree = "<group>"; };
		CE5968632DA77A8900915775 /* ListTypeBasicModel.swift */ = {isa = PBXFileReference; lastKnownFileType = sourcecode.swift; path = ListTypeBasicModel.swift; sourceTree = "<group>"; };
		CE5968652DA77BDC00915775 /* Serializable.swift */ = {isa = PBXFileReference; lastKnownFileType = sourcecode.swift; path = Serializable.swift; sourceTree = "<group>"; };
		CE5968692DA7D17900915775 /* DemoSelectedListTypeVC.swift */ = {isa = PBXFileReference; lastKnownFileType = sourcecode.swift; path = DemoSelectedListTypeVC.swift; sourceTree = "<group>"; };
		CE6A5E062F307EAC001D925A /* SwipeableTableCell.swift */ = {isa = PBXFileReference; lastKnownFileType = sourcecode.swift; path = SwipeableTableCell.swift; sourceTree = "<group>"; };
		CE6A5E082F308F46001D925A /* KeyboardHandler.swift */ = {isa = PBXFileReference; lastKnownFileType = sourcecode.swift; path = KeyboardHandler.swift; sourceTree = "<group>"; };
		CE6A5E0A2F3093EB001D925A /* UIViewControllerEx.swift */ = {isa = PBXFileReference; lastKnownFileType = sourcecode.swift; path = UIViewControllerEx.swift; sourceTree = "<group>"; };
		CE6A77A52D127D2900127069 /* BleManager.swift */ = {isa = PBXFileReference; lastKnownFileType = sourcecode.swift; path = BleManager.swift; sourceTree = "<group>"; };
		CE6A77A72D12ABDB00127069 /* BleManagerM.swift */ = {isa = PBXFileReference; lastKnownFileType = sourcecode.swift; path = BleManagerM.swift; sourceTree = "<group>"; };
		CE6C6E342F19CEA8008F78ED /* CustomSetNumBtn.swift */ = {isa = PBXFileReference; lastKnownFileType = sourcecode.swift; path = CustomSetNumBtn.swift; sourceTree = "<group>"; };
		CE6C6E372F19D0FF008F78ED /* TitleContainer.swift */ = {isa = PBXFileReference; lastKnownFileType = sourcecode.swift; path = TitleContainer.swift; sourceTree = "<group>"; };
		CE6C6E392F19D1C8008F78ED /* MANIFOLDEXTENDEDCF-BOLD.TTF */ = {isa = PBXFileReference; lastKnownFileType = file; path = "MANIFOLDEXTENDEDCF-BOLD.TTF"; sourceTree = "<group>"; };
		CE6C6E3B2F19D1D7008F78ED /* SourceHanSansCN-Bold.otf */ = {isa = PBXFileReference; lastKnownFileType = file; path = "SourceHanSansCN-Bold.otf"; sourceTree = "<group>"; };
		CE6C6E3D2F19D1DD008F78ED /* SourceHanSansCN-Regular.otf */ = {isa = PBXFileReference; lastKnownFileType = file; path = "SourceHanSansCN-Regular.otf"; sourceTree = "<group>"; };
		CE6C6E3F2F19D285008F78ED /* BottommenuV.swift */ = {isa = PBXFileReference; lastKnownFileType = sourcecode.swift; path = BottommenuV.swift; sourceTree = "<group>"; };
		CE6C6E412F19D487008F78ED /* VCEx_forNumberKeyboard.swift */ = {isa = PBXFileReference; lastKnownFileType = sourcecode.swift; path = VCEx_forNumberKeyboard.swift; sourceTree = "<group>"; };
		CE782EC92DA5032C002AB2BA /* DemoHomepage.storyboard */ = {isa = PBXFileReference; lastKnownFileType = file.storyboard; path = DemoHomepage.storyboard; sourceTree = "<group>"; };
		CE782ED02DA50AFE002AB2BA /* CustomTableViewCell.swift */ = {isa = PBXFileReference; lastKnownFileType = sourcecode.swift; path = CustomTableViewCell.swift; sourceTree = "<group>"; };
		CE782ED12DA50AFE002AB2BA /* CustomTableViewCell.xib */ = {isa = PBXFileReference; lastKnownFileType = file.xib; path = CustomTableViewCell.xib; sourceTree = "<group>"; };
		CE782ED82DA52576002AB2BA /* CustomCollectionViewCell.swift */ = {isa = PBXFileReference; lastKnownFileType = sourcecode.swift; path = CustomCollectionViewCell.swift; sourceTree = "<group>"; };
		CE782ED92DA52576002AB2BA /* CustomCollectionViewCell.xib */ = {isa = PBXFileReference; lastKnownFileType = file.xib; path = CustomCollectionViewCell.xib; sourceTree = "<group>"; };
		CE782EDC2DA52AB4002AB2BA /* CustomCollectionHeaderView.swift */ = {isa = PBXFileReference; lastKnownFileType = sourcecode.swift; path = CustomCollectionHeaderView.swift; sourceTree = "<group>"; };
		CE78332B2D34F4FC006F64EE /* CustomLaunchViewController.swift */ = {isa = PBXFileReference; lastKnownFileType = sourcecode.swift; path = CustomLaunchViewController.swift; sourceTree = "<group>"; };
		CE7B91572C325724008ECE09 /* Deformed3Dtext.swift */ = {isa = PBXFileReference; lastKnownFileType = sourcecode.swift; path = Deformed3Dtext.swift; sourceTree = "<group>"; };
		CE7BADDB2F232E5F00762D44 /* PresetPageV.swift */ = {isa = PBXFileReference; lastKnownFileType = sourcecode.swift; path = PresetPageV.swift; sourceTree = "<group>"; };
		CE7BADDF2F2349F300762D44 /* PresetListCell.swift */ = {isa = PBXFileReference; lastKnownFileType = sourcecode.swift; path = PresetListCell.swift; sourceTree = "<group>"; };
		CE7BADE12F2361A000762D44 /* PresetSublistCell.swift */ = {isa = PBXFileReference; lastKnownFileType = sourcecode.swift; path = PresetSublistCell.swift; sourceTree = "<group>"; };
		CE7BADE32F23662F00762D44 /* VCEx_forWorkpage.swift */ = {isa = PBXFileReference; lastKnownFileType = sourcecode.swift; path = VCEx_forWorkpage.swift; sourceTree = "<group>"; };
		CE7BE07D2C0D73D800DED639 /* SwiftTest.app */ = {isa = PBXFileReference; explicitFileType = wrapper.application; includeInIndex = 0; path = SwiftTest.app; sourceTree = BUILT_PRODUCTS_DIR; };
		CE7BE0802C0D73D800DED639 /* AppDelegate.swift */ = {isa = PBXFileReference; lastKnownFileType = sourcecode.swift; path = AppDelegate.swift; sourceTree = "<group>"; };
		CE7BE0822C0D73D800DED639 /* SceneDelegate.swift */ = {isa = PBXFileReference; lastKnownFileType = sourcecode.swift; path = SceneDelegate.swift; sourceTree = "<group>"; };
		CE7BE08A2C0D73D800DED639 /* SwiftTest.xcdatamodel */ = {isa = PBXFileReference; lastKnownFileType = wrapper.xcdatamodel; path = SwiftTest.xcdatamodel; sourceTree = "<group>"; };
		CE7BE08C2C0D73D900DED639 /* Assets.xcassets */ = {isa = PBXFileReference; lastKnownFileType = folder.assetcatalog; path = Assets.xcassets; sourceTree = "<group>"; };
		CE7BE0912C0D73D900DED639 /* Info.plist */ = {isa = PBXFileReference; lastKnownFileType = text.plist.xml; path = Info.plist; sourceTree = "<group>"; };
		CE7BE0F72C0D96F700DED639 /* LaunchScreen.storyboard */ = {isa = PBXFileReference; lastKnownFileType = file.storyboard; path = LaunchScreen.storyboard; sourceTree = "<group>"; };
		CE7BE0F92C0DC3A200DED639 /* Constants.swift */ = {isa = PBXFileReference; lastKnownFileType = sourcecode.swift; path = Constants.swift; sourceTree = "<group>"; };
		CE9EA4DC2C5CC10C0032D17B /* CustomRectView.swift */ = {isa = PBXFileReference; lastKnownFileType = sourcecode.swift; path = CustomRectView.swift; sourceTree = "<group>"; };
		CEA0C6A82DAD0E4F003CBAC1 /* CustomSystemTime.swift */ = {isa = PBXFileReference; lastKnownFileType = sourcecode.swift; path = CustomSystemTime.swift; sourceTree = "<group>"; };
		CEA572D12DB65F6A001DE50D /* MathUtil.swift */ = {isa = PBXFileReference; lastKnownFileType = sourcecode.swift; path = MathUtil.swift; sourceTree = "<group>"; };
		CEA572D32DB66A04001DE50D /* UIColor-Ex.swift */ = {isa = PBXFileReference; lastKnownFileType = sourcecode.swift; path = "UIColor-Ex.swift"; sourceTree = "<group>"; };
		CEB5CCA02DAF43F6000BB5BE /* DemoTestV.swift */ = {isa = PBXFileReference; lastKnownFileType = sourcecode.swift; path = DemoTestV.swift; sourceTree = "<group>"; };
		CEB5CCA22DAF6576000BB5BE /* DemoTestM.swift */ = {isa = PBXFileReference; lastKnownFileType = sourcecode.swift; path = DemoTestM.swift; sourceTree = "<group>"; };
		CEB5CCA42DAF8466000BB5BE /* CustomSlider.swift */ = {isa = PBXFileReference; lastKnownFileType = sourcecode.swift; path = CustomSlider.swift; sourceTree = "<group>"; };
		CEC96FD42F35A38A00388F6C /* SectionItem.swift */ = {isa = PBXFileReference; lastKnownFileType = sourcecode.swift; path = SectionItem.swift; sourceTree = "<group>"; };
		CEC96FD72F35A3AB00388F6C /* ExpandableDecorationCollectionViewController.swift */ = {isa = PBXFileReference; lastKnownFileType = sourcecode.swift; path = ExpandableDecorationCollectionViewController.swift; sourceTree = "<group>"; };
		CEC96FDA2F35A47B00388F6C /* ExpandableSectionHeaderView.swift */ = {isa = PBXFileReference; lastKnownFileType = sourcecode.swift; path = ExpandableSectionHeaderView.swift; sourceTree = "<group>"; };
		CEC96FDC2F35CD9500388F6C /* ExpandableCollectionViewCell.swift */ = {isa = PBXFileReference; lastKnownFileType = sourcecode.swift; path = ExpandableCollectionViewCell.swift; sourceTree = "<group>"; };
		CEC96FDF2F35EEF200388F6C /* BaseV.swift */ = {isa = PBXFileReference; lastKnownFileType = sourcecode.swift; path = BaseV.swift; sourceTree = "<group>"; };
		CECB34A72D0FD195004F6809 /* CircularProgressV.swift */ = {isa = PBXFileReference; lastKnownFileType = sourcecode.swift; path = CircularProgressV.swift; sourceTree = "<group>"; };
		CECD4F362F299F2200762512 /* VCEx_forPresetpage.swift */ = {isa = PBXFileReference; lastKnownFileType = sourcecode.swift; path = VCEx_forPresetpage.swift; sourceTree = "<group>"; };
		CECD4F382F2A178700762512 /* VCEx_forProgrammablepage.swift */ = {isa = PBXFileReference; lastKnownFileType = sourcecode.swift; path = VCEx_forProgrammablepage.swift; sourceTree = "<group>"; };
		CECD4F3A2F2A2B0900762512 /* PickVandKeyboardEx_forPublicMethods.swift */ = {isa = PBXFileReference; lastKnownFileType = sourcecode.swift; path = PickVandKeyboardEx_forPublicMethods.swift; sourceTree = "<group>"; };
		CECD4F3C2F2A2C6400762512 /* SettingsCell.swift */ = {isa = PBXFileReference; lastKnownFileType = sourcecode.swift; path = SettingsCell.swift; sourceTree = "<group>"; };
		CECD4F3E2F2A2E1B00762512 /* SettingPageV.swift */ = {isa = PBXFileReference; lastKnownFileType = sourcecode.swift; path = SettingPageV.swift; sourceTree = "<group>"; };
		CECD5D462CEF42D800A50EB5 /* GlobalFunctions.swift */ = {isa = PBXFileReference; lastKnownFileType = sourcecode.swift; path = GlobalFunctions.swift; sourceTree = "<group>"; };
		CECD5D4A2CEF4F8900A50EB5 /* beep.mp3 */ = {isa = PBXFileReference; lastKnownFileType = audio.mp3; path = beep.mp3; sourceTree = "<group>"; };
		CED9EDFF2C3CD59900FB02BB /* MVC.swift */ = {isa = PBXFileReference; lastKnownFileType = sourcecode.swift; path = MVC.swift; sourceTree = "<group>"; };
		CED9EE032C3CE64C00FB02BB /* MVVM_Controller.swift */ = {isa = PBXFileReference; lastKnownFileType = sourcecode.swift; path = MVVM_Controller.swift; sourceTree = "<group>"; };
		CED9EE052C3D33DA00FB02BB /* MVP_C.swift */ = {isa = PBXFileReference; lastKnownFileType = sourcecode.swift; path = MVP_C.swift; sourceTree = "<group>"; };
		CEDA62762C956EB0003B46C3 /* SectionDecorationViewCollectionViewLayoutAttributes.swift */ = {isa = PBXFileReference; lastKnownFileType = sourcecode.swift; path = SectionDecorationViewCollectionViewLayoutAttributes.swift; sourceTree = "<group>"; };
		CEDA62792C957159003B46C3 /* Extentions.swift */ = {isa = PBXFileReference; lastKnownFileType = sourcecode.swift; path = Extentions.swift; sourceTree = "<group>"; };
		CEE2C1A52F28C17000E7B747 /* ModelEx_forWorkpage.swift */ = {isa = PBXFileReference; lastKnownFileType = sourcecode.swift; path = ModelEx_forWorkpage.swift; sourceTree = "<group>"; };
		CEE2C1A72F28C1CF00E7B747 /* Structs.swift */ = {isa = PBXFileReference; lastKnownFileType = sourcecode.swift; path = Structs.swift; sourceTree = "<group>"; };
		CEE2C1A92F28C31A00E7B747 /* Enums.swift */ = {isa = PBXFileReference; lastKnownFileType = sourcecode.swift; path = Enums.swift; sourceTree = "<group>"; };
		CEEC9AC62C0EACAC00D93389 /* CommonClass.swift */ = {isa = PBXFileReference; lastKnownFileType = sourcecode.swift; path = CommonClass.swift; sourceTree = "<group>"; };
		CEF2291A2DA6775800A4BA2D /* CustomSelectionViewController.swift */ = {isa = PBXFileReference; lastKnownFileType = sourcecode.swift; path = CustomSelectionViewController.swift; sourceTree = "<group>"; };
		CEF2C79B2DB0B37E00D18585 /* CustomExpandedTapView.swift */ = {isa = PBXFileReference; lastKnownFileType = sourcecode.swift; path = CustomExpandedTapView.swift; sourceTree = "<group>"; };
		CEF613552DD6D58600A262D4 /* zh-Hans */ = {isa = PBXFileReference; lastKnownFileType = text.plist.strings; name = "zh-Hans"; path = "zh-Hans.lproj/Localizable.strings"; sourceTree = "<group>"; };
		CEF613582DD6D58900A262D4 /* en */ = {isa = PBXFileReference; lastKnownFileType = text.plist.strings; name = en; path = en.lproj/Localizable.strings; sourceTree = "<group>"; };
		CEF6135A2DD6EF3E00A262D4 /* TimeFormatter.swift */ = {isa = PBXFileReference; lastKnownFileType = sourcecode.swift; path = TimeFormatter.swift; sourceTree = "<group>"; };
		CEF6135C2DD7228C00A262D4 /* CustomNotification.swift */ = {isa = PBXFileReference; lastKnownFileType = sourcecode.swift; path = CustomNotification.swift; sourceTree = "<group>"; };
		CEFC07DA2D1D581E00693657 /* Base */ = {isa = PBXFileReference; lastKnownFileType = file.storyboard; name = Base; path = Base.lproj/CustomLogin.storyboard; sourceTree = "<group>"; };
		CEFC07DF2D1D58EB00693657 /* zh-Hans */ = {isa = PBXFileReference; lastKnownFileType = text.plist.strings; name = "zh-Hans"; path = "zh-Hans.lproj/CustomLogin.strings"; sourceTree = "<group>"; };
		CEFC07E12D1D590B00693657 /* en */ = {isa = PBXFileReference; lastKnownFileType = text.plist.strings; name = en; path = en.lproj/CustomLogin.strings; sourceTree = "<group>"; };
		CEFDA7B52F18840E004E4893 /* PickVandNumberKeyboard.swift */ = {isa = PBXFileReference; lastKnownFileType = sourcecode.swift; path = PickVandNumberKeyboard.swift; sourceTree = "<group>"; };
		CEFDA7B82F1890BE004E4893 /* ISDTYAHEI.TTF */ = {isa = PBXFileReference; lastKnownFileType = file; path = ISDTYAHEI.TTF; sourceTree = "<group>"; };
		CEFDA7B92F1890BE004E4893 /* bahnschrift.ttf */ = {isa = PBXFileReference; lastKnownFileType = file; path = bahnschrift.ttf; sourceTree = "<group>"; };
		CEFDA7BE2F18D06B004E4893 /* WheelNumberPicker.swift */ = {isa = PBXFileReference; lastKnownFileType = sourcecode.swift; path = WheelNumberPicker.swift; sourceTree = "<group>"; };
		CEFDA7C02F18D421004E4893 /* NumberKeyboardView.swift */ = {isa = PBXFileReference; lastKnownFileType = sourcecode.swift; path = NumberKeyboardView.swift; sourceTree = "<group>"; };
		CEFDA7C22F18D504004E4893 /* NumberKeyboardManager.swift */ = {isa = PBXFileReference; lastKnownFileType = sourcecode.swift; path = NumberKeyboardManager.swift; sourceTree = "<group>"; };
		CEFDA7C42F18D530004E4893 /* NumberKeyCell.swift */ = {isa = PBXFileReference; lastKnownFileType = sourcecode.swift; path = NumberKeyCell.swift; sourceTree = "<group>"; };
		CEFFEE7A2F1A11C8003BFA32 /* CustomPickViewM.swift */ = {isa = PBXFileReference; lastKnownFileType = sourcecode.swift; path = CustomPickViewM.swift; sourceTree = "<group>"; };
/* End PBXFileReference section */

/* Begin PBXFrameworksBuildPhase section */
		CE7BE07A2C0D73D800DED639 /* Frameworks */ = {
			isa = PBXFrameworksBuildPhase;
			buildActionMask = 2147483647;
			files = (
				4556DF913B2197143CFF2608 /* Pods_SwiftTest.framework in Frameworks */,
			);
			runOnlyForDeploymentPostprocessing = 0;
		};
/* End PBXFrameworksBuildPhase section */

/* Begin PBXGroup section */
		7314A46EE3EA0E83DB06DB5A /* Frameworks */ = {
			isa = PBXGroup;
			children = (
				25B8DCF0633E670FFD92F13D /* Pods_SwiftTest.framework */,
			);
			name = Frameworks;
			sourceTree = "<group>";
		};
		CE03C5282DB728820014E9EE /* CustomView */ = {
			isa = PBXGroup;
			children = (
				CECB34A62D0FD10E004F6809 /* ViewCell */,
				CECB34A72D0FD195004F6809 /* CircularProgressV.swift */,
				CE7B91572C325724008ECE09 /* Deformed3Dtext.swift */,
				CE9EA4DC2C5CC10C0032D17B /* CustomRectView.swift */,
				CE0B0DAF2CA6B6E100D65851 /* CircleView.swift */,
				CEB5CCA42DAF8466000BB5BE /* CustomSlider.swift */,
				CE0FF5C52F552954002213B6 /* MultilineSegmentedControl.swift */,
				CEF2C79B2DB0B37E00D18585 /* CustomExpandedTapView.swift */,
			);
			path = CustomView;
			sourceTree = "<group>";
		};
		CE03C5292DB728950014E9EE /* CustomExtension */ = {
			isa = PBXGroup;
			children = (
				CE6A5E0A2F3093EB001D925A /* UIViewControllerEx.swift */,
				CE03C5332DB77B900014E9EE /* UIView-Ex.swift */,
				CE03C5312DB772820014E9EE /* String-Ex.swift */,
				CE03C52F2DB76A330014E9EE /* FileManager-Ex.swift */,
				CEA572D32DB66A04001DE50D /* UIColor-Ex.swift */,
			);
			path = CustomExtension;
			sourceTree = "<group>";
		};
		CE2FF2992DA8A471003B0BB2 /* Composer */ = {
			isa = PBXGroup;
			children = (
				CE2FF29A2DA8A504003B0BB2 /* CustomDataForListComposer.swift */,
			);
			path = Composer;
			sourceTree = "<group>";
		};
		CE2FF29C2DA8A527003B0BB2 /* ViewController */ = {
			isa = PBXGroup;
			children = (
				CE5968612DA754D700915775 /* ListTypeBasicViewcontroller.swift */,
				CEF2291A2DA6775800A4BA2D /* CustomSelectionViewController.swift */,
			);
			path = ViewController;
			sourceTree = "<group>";
		};
		CE2FF29D2DA8A6A2003B0BB2 /* Creator */ = {
			isa = PBXGroup;
			children = (
				CE5968632DA77A8900915775 /* ListTypeBasicModel.swift */,
				CE5968652DA77BDC00915775 /* Serializable.swift */,
			);
			path = Creator;
			sourceTree = "<group>";
		};
		CE2FF2A22DA8C048003B0BB2 /* DemoTest */ = {
			isa = PBXGroup;
			children = (
				CEC96FD22F35A32900388F6C /* ExpandableCollectionView example */,
				CE36A5322F34756E00BEA9CA /* Email application-style UISplitViewController example */,
				CEFDA7B42F1883E6004E4893 /* Linear electronic display example */,
				CEB5CCA22DAF6576000BB5BE /* DemoTestM.swift */,
				CE2FF2A02DA8B63B003B0BB2 /* DemoTestVC.swift */,
				CEB5CCA02DAF43F6000BB5BE /* DemoTestV.swift */,
				CE3DEACB2F1A1BE400367151 /* TestBaseVC.swift */,
			);
			path = DemoTest;
			sourceTree = "<group>";
		};
		CE2FF2A32DA8C058003B0BB2 /* ListType */ = {
			isa = PBXGroup;
			children = (
				CE8333D52F31AADB00FB20A6 /* BaseClass */,
				CE2FF2992DA8A471003B0BB2 /* Composer */,
				CE5968692DA7D17900915775 /* DemoSelectedListTypeVC.swift */,
			);
			path = ListType;
			sourceTree = "<group>";
		};
		CE36A5322F34756E00BEA9CA /* Email application-style UISplitViewController example */ = {
			isa = PBXGroup;
			children = (
				CEC96FD12F3590B400388F6C /* MockBle */,
				CE36A5362F3476B800BEA9CA /* VC */,
				CE36A5332F34765700BEA9CA /* M */,
			);
			path = "Email application-style UISplitViewController example";
			sourceTree = "<group>";
		};
		CE36A5332F34765700BEA9CA /* M */ = {
			isa = PBXGroup;
			children = (
				CE36A5342F34769700BEA9CA /* MailItem.swift */,
			);
			path = M;
			sourceTree = "<group>";
		};
		CE36A5362F3476B800BEA9CA /* VC */ = {
			isa = PBXGroup;
			children = (
				CE36A53D2F34774000BEA9CA /* MailSplitViewController.swift */,
				CE36A5392F34771300BEA9CA /* DetailViewController.swift */,
				CE36A5372F3476C200BEA9CA /* PrimaryViewController.swift */,
			);
			path = VC;
			sourceTree = "<group>";
		};
		CE5968602DA7538A00915775 /* ReusableView */ = {
			isa = PBXGroup;
			children = (
				CE782EDC2DA52AB4002AB2BA /* CustomCollectionHeaderView.swift */,
			);
			path = ReusableView;
			sourceTree = "<group>";
		};
		CE6C6E362F19D0C6008F78ED /* CellViews */ = {
			isa = PBXGroup;
			children = (
				CECD4F3C2F2A2C6400762512 /* SettingsCell.swift */,
				CE7BADE12F2361A000762D44 /* PresetSublistCell.swift */,
				CE7BADDF2F2349F300762D44 /* PresetListCell.swift */,
				CE2F51FB2F1DE2B3005A210F /* ProgrammablePagelistCell.swift */,
				CE2F51F72F1DDE6E005A210F /* CustomPickerRowView.swift */,
				CE2F51F52F1DD552005A210F /* ChargeSettingCell.swift */,
				CE2F51F32F1DD439005A210F /* ChargePageCell.swift */,
				CEFDA7BE2F18D06B004E4893 /* WheelNumberPicker.swift */,
				CEFDA7C02F18D421004E4893 /* NumberKeyboardView.swift */,
				CEFDA7C22F18D504004E4893 /* NumberKeyboardManager.swift */,
				CEFDA7C42F18D530004E4893 /* NumberKeyCell.swift */,
				CE6C6E342F19CEA8008F78ED /* CustomSetNumBtn.swift */,
			);
			path = CellViews;
			sourceTree = "<group>";
		};
		CE782EC82DA5029C002AB2BA /* Demo */ = {
			isa = PBXGroup;
			children = (
				CE2FF2A32DA8C058003B0BB2 /* ListType */,
				CE2FF2A22DA8C048003B0BB2 /* DemoTest */,
			);
			path = Demo;
			sourceTree = "<group>";
		};
		CE782ECB2DA5035D002AB2BA /* Storyboard */ = {
			isa = PBXGroup;
			children = (
				CE782ED02DA50AFE002AB2BA /* CustomTableViewCell.swift */,
				CE782ED12DA50AFE002AB2BA /* CustomTableViewCell.xib */,
				CE782EC92DA5032C002AB2BA /* DemoHomepage.storyboard */,
				CE782ED82DA52576002AB2BA /* CustomCollectionViewCell.swift */,
				CE782ED92DA52576002AB2BA /* CustomCollectionViewCell.xib */,
			);
			path = Storyboard;
			sourceTree = "<group>";
		};
		CE7BE0742C0D73D800DED639 = {
			isa = PBXGroup;
			children = (
				CE7BE07F2C0D73D800DED639 /* SwiftTest */,
				CE7BE07E2C0D73D800DED639 /* Products */,
				F3F71CDA2FF2DE7210C798A9 /* Pods */,
				7314A46EE3EA0E83DB06DB5A /* Frameworks */,
			);
			sourceTree = "<group>";
		};
		CE7BE07E2C0D73D800DED639 /* Products */ = {
			isa = PBXGroup;
			children = (
				CE7BE07D2C0D73D800DED639 /* SwiftTest.app */,
			);
			name = Products;
			sourceTree = "<group>";
		};
		CE7BE07F2C0D73D800DED639 /* SwiftTest */ = {
			isa = PBXGroup;
			children = (
				CE782EC82DA5029C002AB2BA /* Demo */,
				CEF613562DD6D58600A262D4 /* Localizable.strings */,
				CED6009F2DA3BDF800093068 /* Launch */,
				CEDA62782C957133003B46C3 /* Common */,
				CED9EE022C3CE3BA00FB02BB /* MVVM */,
				CED9EE012C3CE3B300FB02BB /* MVP */,
				CED9EDFE2C3CD58100FB02BB /* MVC */,
				CE7BE0802C0D73D800DED639 /* AppDelegate.swift */,
				CE7BE0822C0D73D800DED639 /* SceneDelegate.swift */,
				CECD5D4A2CEF4F8900A50EB5 /* beep.mp3 */,
				CE7BE08C2C0D73D900DED639 /* Assets.xcassets */,
				CE7BE0912C0D73D900DED639 /* Info.plist */,
				CE7BE0892C0D73D800DED639 /* SwiftTest.xcdatamodeld */,
			);
			path = SwiftTest;
			sourceTree = "<group>";
		};
		CE8333D52F31AADB00FB20A6 /* BaseClass */ = {
			isa = PBXGroup;
			children = (
				CE5968602DA7538A00915775 /* ReusableView */,
				CE782ECB2DA5035D002AB2BA /* Storyboard */,
				CE2FF29C2DA8A527003B0BB2 /* ViewController */,
				CE2FF29D2DA8A6A2003B0BB2 /* Creator */,
			);
			path = BaseClass;
			sourceTree = "<group>";
		};
		CEC96FD12F3590B400388F6C /* MockBle */ = {
			isa = PBXGroup;
			children = (
				CE34E7B92D12D5A800A18748 /* MockBleManager.swift */,
				CE6A77A72D12ABDB00127069 /* BleManagerM.swift */,
				CE6A77A52D127D2900127069 /* BleManager.swift */,
			);
			path = MockBle;
			sourceTree = "<group>";
		};
		CEC96FD22F35A32900388F6C /* ExpandableCollectionView example */ = {
			isa = PBXGroup;
			children = (
				CEC96FDE2F35CDCD00388F6C /* CustomFlowLayout */,
				CEC96FD92F35A47500388F6C /* V */,
				CEC96FD62F35A3A600388F6C /* VC */,
				CEC96FD32F35A37E00388F6C /* M */,
			);
			path = "ExpandableCollectionView example";
			sourceTree = "<group>";
		};
		CEC96FD32F35A37E00388F6C /* M */ = {
			isa = PBXGroup;
			children = (
				CEC96FD42F35A38A00388F6C /* SectionItem.swift */,
			);
			path = M;
			sourceTree = "<group>";
		};
		CEC96FD62F35A3A600388F6C /* VC */ = {
			isa = PBXGroup;
			children = (
				CEC96FD72F35A3AB00388F6C /* ExpandableDecorationCollectionViewController.swift */,
			);
			path = VC;
			sourceTree = "<group>";
		};
		CEC96FD92F35A47500388F6C /* V */ = {
			isa = PBXGroup;
			children = (
				CEC96FDC2F35CD9500388F6C /* ExpandableCollectionViewCell.swift */,
				CEC96FDA2F35A47B00388F6C /* ExpandableSectionHeaderView.swift */,
			);
			path = V;
			sourceTree = "<group>";
		};
		CEC96FDE2F35CDCD00388F6C /* CustomFlowLayout */ = {
			isa = PBXGroup;
			children = (
				CEDA62762C956EB0003B46C3 /* SectionDecorationViewCollectionViewLayoutAttributes.swift */,
				CE2092CF2C5B91FB002755D5 /* SectionBackgroundReusableView.swift */,
				CE2092CD2C5B90D2002755D5 /* SectionDecorationLayout.swift */,
			);
			path = CustomFlowLayout;
			sourceTree = "<group>";
		};
		CECB34A62D0FD10E004F6809 /* ViewCell */ = {
			isa = PBXGroup;
			children = (
				CE6A5E062F307EAC001D925A /* SwipeableTableCell.swift */,
			);
			path = ViewCell;
			sourceTree = "<group>";
		};
		CED6009F2DA3BDF800093068 /* Launch */ = {
			isa = PBXGroup;
			children = (
				CE78332B2D34F4FC006F64EE /* CustomLaunchViewController.swift */,
				CE7BE0F72C0D96F700DED639 /* LaunchScreen.storyboard */,
			);
			path = Launch;
			sourceTree = "<group>";
		};
		CED9EDFE2C3CD58100FB02BB /* MVC */ = {
			isa = PBXGroup;
			children = (
				CED9EDFF2C3CD59900FB02BB /* MVC.swift */,
			);
			path = MVC;
			sourceTree = "<group>";
		};
		CED9EE012C3CE3B300FB02BB /* MVP */ = {
			isa = PBXGroup;
			children = (
				CED9EE052C3D33DA00FB02BB /* MVP_C.swift */,
			);
			path = MVP;
			sourceTree = "<group>";
		};
		CED9EE022C3CE3BA00FB02BB /* MVVM */ = {
			isa = PBXGroup;
			children = (
				CED9EE032C3CE64C00FB02BB /* MVVM_Controller.swift */,
			);
			path = MVVM;
			sourceTree = "<group>";
		};
		CEDA62782C957133003B46C3 /* Common */ = {
			isa = PBXGroup;
			children = (
				CEFDA7B72F1890A4004E4893 /* CustomFont */,
				CEF613592DD6E8DF00A262D4 /* CustomTool */,
				CE03C5292DB728950014E9EE /* CustomExtension */,
				CE03C5282DB728820014E9EE /* CustomView */,
				CEFC07D32D1D450100693657 /* ViewController */,
				CEEC9AC62C0EACAC00D93389 /* CommonClass.swift */,
				CE7BE0F92C0DC3A200DED639 /* Constants.swift */,
				CEDA62792C957159003B46C3 /* Extentions.swift */,
				CECD5D462CEF42D800A50EB5 /* GlobalFunctions.swift */,
			);
			path = Common;
			sourceTree = "<group>";
		};
		CEF613592DD6E8DF00A262D4 /* CustomTool */ = {
			isa = PBXGroup;
			children = (
				CE15046D2F52C6A000CFF091 /* LanguageManager.swift */,
				CE6A5E082F308F46001D925A /* KeyboardHandler.swift */,
				CE03C5372DB77C550014E9EE /* CustomAlert.swift */,
				CEF6135C2DD7228C00A262D4 /* CustomNotification.swift */,
				CEF6135A2DD6EF3E00A262D4 /* TimeFormatter.swift */,
				CEA0C6A82DAD0E4F003CBAC1 /* CustomSystemTime.swift */,
				CEA572D12DB65F6A001DE50D /* MathUtil.swift */,
				CE03C52D2DB73AF30014E9EE /* CustomBitTool.swift */,
				CE2597282DD5EDE500912E1F /* CustomUsbData.swift */,
				CE03C52B2DB72AE90014E9EE /* ViewSizeCalculator.swift */,
				CE03C5352DB77C330014E9EE /* CustomLog.swift */,
			);
			path = CustomTool;
			sourceTree = "<group>";
		};
		CEFC07D32D1D450100693657 /* ViewController */ = {
			isa = PBXGroup;
			children = (
				CE3D58F12D30D9BD00C6C07F /* RegisterTableViewController.swift */,
				CE3D58F42D30D9C500C6C07F /* Register.storyboard */,
				CE56B57B2D379E400080C865 /* CustomLoginTableViewController.swift */,
				CEFC07DB2D1D581E00693657 /* CustomLogin.storyboard */,
				CE56B5792D3796900080C865 /* ResetPasswordTableViewController.swift */,
			);
			path = ViewController;
			sourceTree = "<group>";
		};
		CEFDA7B42F1883E6004E4893 /* Linear electronic display example */ = {
			isa = PBXGroup;
			children = (
				CEFFEE792F1A11BA003BFA32 /* M */,
				CEFFEE782F1A11A0003BFA32 /* VC */,
				CEFFEE772F1A1194003BFA32 /* V */,
			);
			path = "Linear electronic display example";
			sourceTree = "<group>";
		};
		CEFDA7B72F1890A4004E4893 /* CustomFont */ = {
			isa = PBXGroup;
			children = (
				CE6C6E3D2F19D1DD008F78ED /* SourceHanSansCN-Regular.otf */,
				CE6C6E3B2F19D1D7008F78ED /* SourceHanSansCN-Bold.otf */,
				CE6C6E392F19D1C8008F78ED /* MANIFOLDEXTENDEDCF-BOLD.TTF */,
				CEFDA7B82F1890BE004E4893 /* ISDTYAHEI.TTF */,
				CEFDA7B92F1890BE004E4893 /* bahnschrift.ttf */,
			);
			path = CustomFont;
			sourceTree = "<group>";
		};
		CEFFEE772F1A1194003BFA32 /* V */ = {
			isa = PBXGroup;
			children = (
				CEC96FDF2F35EEF200388F6C /* BaseV.swift */,
				CECD4F3E2F2A2E1B00762512 /* SettingPageV.swift */,
				CE7BADDB2F232E5F00762D44 /* PresetPageV.swift */,
				CE2F51F92F1DE1E5005A210F /* ProgrammablePageV.swift */,
				CE2F51F12F1DD0B4005A210F /* ChargePageV.swift */,
				CECD4F3A2F2A2B0900762512 /* PickVandKeyboardEx_forPublicMethods.swift */,
				CEFDA7B52F18840E004E4893 /* PickVandNumberKeyboard.swift */,
				CE6C6E3F2F19D285008F78ED /* BottommenuV.swift */,
				CE6C6E372F19D0FF008F78ED /* TitleContainer.swift */,
				CE6C6E362F19D0C6008F78ED /* CellViews */,
			);
			path = V;
			sourceTree = "<group>";
		};
		CEFFEE782F1A11A0003BFA32 /* VC */ = {
			isa = PBXGroup;
			children = (
				CE3DEAD32F1A3F5E00367151 /* VCEx_forBottomMenu.swift */,
				CECD4F382F2A178700762512 /* VCEx_forProgrammablepage.swift */,
				CECD4F362F299F2200762512 /* VCEx_forPresetpage.swift */,
				CE7BADE32F23662F00762D44 /* VCEx_forWorkpage.swift */,
				CE3DEAD12F1A202D00367151 /* VCEx_forWheelNumberPicker.swift */,
				CE6C6E412F19D487008F78ED /* VCEx_forNumberKeyboard.swift */,
				CE3DEACD2F1A1DF900367151 /* CustomPickViewVC.swift */,
			);
			path = VC;
			sourceTree = "<group>";
		};
		CEFFEE792F1A11BA003BFA32 /* M */ = {
			isa = PBXGroup;
			children = (
				CEE2C1A92F28C31A00E7B747 /* Enums.swift */,
				CEE2C1A72F28C1CF00E7B747 /* Structs.swift */,
				CEE2C1A52F28C17000E7B747 /* ModelEx_forWorkpage.swift */,
				CEFFEE7A2F1A11C8003BFA32 /* CustomPickViewM.swift */,
			);
			path = M;
			sourceTree = "<group>";
		};
		F3F71CDA2FF2DE7210C798A9 /* Pods */ = {
			isa = PBXGroup;
			children = (
				A5D43225E8A26F910CDEF5BC /* Pods-SwiftTest.debug.xcconfig */,
				53939064D43031C817C1379D /* Pods-SwiftTest.release.xcconfig */,
			);
			path = Pods;
			sourceTree = "<group>";
		};
/* End PBXGroup section */

/* Begin PBXNativeTarget section */
		CE7BE07C2C0D73D800DED639 /* SwiftTest */ = {
			isa = PBXNativeTarget;
			buildConfigurationList = CE7BE0AA2C0D73DA00DED639 /* Build configuration list for PBXNativeTarget "SwiftTest" */;
			buildPhases = (
				5B9F623793C6F41F38D98A10 /* [CP] Check Pods Manifest.lock */,
				CE7BE0792C0D73D800DED639 /* Sources */,
				CE7BE07A2C0D73D800DED639 /* Frameworks */,
				CE7BE07B2C0D73D800DED639 /* Resources */,
				7ABD437C3659FCD2E975FF07 /* [CP] Embed Pods Frameworks */,
			);
			buildRules = (
			);
			dependencies = (
			);
			name = SwiftTest;
			productName = SwiftTest;
			productReference = CE7BE07D2C0D73D800DED639 /* SwiftTest.app */;
			productType = "com.apple.product-type.application";
		};
/* End PBXNativeTarget section */

/* Begin PBXProject section */
		CE7BE0752C0D73D800DED639 /* Project object */ = {
			isa = PBXProject;
			attributes = {
				BuildIndependentTargetsInParallel = 1;
				LastSwiftUpdateCheck = 1540;
				LastUpgradeCheck = 1540;
				TargetAttributes = {
					CE7BE07C2C0D73D800DED639 = {
						CreatedOnToolsVersion = 15.4;
					};
				};
			};
			buildConfigurationList = CE7BE0782C0D73D800DED639 /* Build configuration list for PBXProject "SwiftTest" */;
			compatibilityVersion = "Xcode 14.0";
			developmentRegion = en;
			hasScannedForEncodings = 0;
			knownRegions = (
				en,
				Base,
				"zh-Hans",
			);
			mainGroup = CE7BE0742C0D73D800DED639;
			productRefGroup = CE7BE07E2C0D73D800DED639 /* Products */;
			projectDirPath = "";
			projectRoot = "";
			targets = (
				CE7BE07C2C0D73D800DED639 /* SwiftTest */,
			);
		};
/* End PBXProject section */

/* Begin PBXResourcesBuildPhase section */
		CE7BE07B2C0D73D800DED639 /* Resources */ = {
			isa = PBXResourcesBuildPhase;
			buildActionMask = 2147483647;
			files = (
				CE6C6E3E2F19D1DD008F78ED /* SourceHanSansCN-Regular.otf in Resources */,
				CEFDA7BA2F1890BE004E4893 /* bahnschrift.ttf in Resources */,
				CEFDA7BB2F1890BE004E4893 /* ISDTYAHEI.TTF in Resources */,
				CE6C6E3A2F19D1C8008F78ED /* MANIFOLDEXTENDEDCF-BOLD.TTF in Resources */,
				CE7BE08D2C0D73D900DED639 /* Assets.xcassets in Resources */,
				CE782ECA2DA5032C002AB2BA /* DemoHomepage.storyboard in Resources */,
				CE6C6E3C2F19D1D7008F78ED /* SourceHanSansCN-Bold.otf in Resources */,
				CEF613572DD6D58600A262D4 /* Localizable.strings in Resources */,
				CE782EDB2DA52576002AB2BA /* CustomCollectionViewCell.xib in Resources */,
				CE7BE0F82C0D96F700DED639 /* LaunchScreen.storyboard in Resources */,
				CEFC07DC2D1D581E00693657 /* CustomLogin.storyboard in Resources */,
				CE782ED32DA50AFE002AB2BA /* CustomTableViewCell.xib in Resources */,
				CECD5D4B2CEF4F8900A50EB5 /* beep.mp3 in Resources */,
				CE3D58F52D30D9C500C6C07F /* Register.storyboard in Resources */,
			);
			runOnlyForDeploymentPostprocessing = 0;
		};
/* End PBXResourcesBuildPhase section */

/* Begin PBXShellScriptBuildPhase section */
		5B9F623793C6F41F38D98A10 /* [CP] Check Pods Manifest.lock */ = {
			isa = PBXShellScriptBuildPhase;
			buildActionMask = 2147483647;
			files = (
			);
			inputFileListPaths = (
			);
			inputPaths = (
				"${PODS_PODFILE_DIR_PATH}/Podfile.lock",
				"${PODS_ROOT}/Manifest.lock",
			);
			name = "[CP] Check Pods Manifest.lock";
			outputFileListPaths = (
			);
			outputPaths = (
				"$(DERIVED_FILE_DIR)/Pods-SwiftTest-checkManifestLockResult.txt",
			);
			runOnlyForDeploymentPostprocessing = 0;
			shellPath = /bin/sh;
			shellScript = "diff \"${PODS_PODFILE_DIR_PATH}/Podfile.lock\" \"${PODS_ROOT}/Manifest.lock\" > /dev/null\nif [ $? != 0 ] ; then\n    # print error to STDERR\n    echo \"error: The sandbox is not in sync with the Podfile.lock. Run 'pod install' or update your CocoaPods installation.\" >&2\n    exit 1\nfi\n# This output is used by Xcode 'outputs' to avoid re-running this script phase.\necho \"SUCCESS\" > \"${SCRIPT_OUTPUT_FILE_0}\"\n";
			showEnvVarsInLog = 0;
		};
		7ABD437C3659FCD2E975FF07 /* [CP] Embed Pods Frameworks */ = {
			isa = PBXShellScriptBuildPhase;
			buildActionMask = 2147483647;
			files = (
			);
			inputFileListPaths = (
				"${PODS_ROOT}/Target Support Files/Pods-SwiftTest/Pods-SwiftTest-frameworks-${CONFIGURATION}-input-files.xcfilelist",
			);
			inputPaths = (
			);
			name = "[CP] Embed Pods Frameworks";
			outputFileListPaths = (
				"${PODS_ROOT}/Target Support Files/Pods-SwiftTest/Pods-SwiftTest-frameworks-${CONFIGURATION}-output-files.xcfilelist",
			);
			outputPaths = (
			);
			runOnlyForDeploymentPostprocessing = 0;
			shellPath = /bin/sh;
			shellScript = "\"${PODS_ROOT}/Target Support Files/Pods-SwiftTest/Pods-SwiftTest-frameworks.sh\"\n";
			showEnvVarsInLog = 0;
		};
/* End PBXShellScriptBuildPhase section */

/* Begin PBXSourcesBuildPhase section */
		CE7BE0792C0D73D800DED639 /* Sources */ = {
			isa = PBXSourcesBuildPhase;
			buildActionMask = 2147483647;
			files = (
				CE36A53E2F34774100BEA9CA /* MailSplitViewController.swift in Sources */,
				CE56B57C2D379E400080C865 /* CustomLoginTableViewController.swift in Sources */,
				CE7BE0FA2C0DC3A200DED639 /* Constants.swift in Sources */,
				CED9EE062C3D33DA00FB02BB /* MVP_C.swift in Sources */,
				CECD4F3F2F2A2E1D00762512 /* SettingPageV.swift in Sources */,
				CECD4F3B2F2A2B3900762512 /* PickVandKeyboardEx_forPublicMethods.swift in Sources */,
				CE2F51FA2F1DE1E6005A210F /* ProgrammablePageV.swift in Sources */,
				CE7BADE22F2361A000762D44 /* PresetSublistCell.swift in Sources */,
				CE5968622DA754D700915775 /* ListTypeBasicViewcontroller.swift in Sources */,
				CEB5CCA12DAF43F6000BB5BE /* DemoTestV.swift in Sources */,
				CE78332C2D34F4FC006F64EE /* CustomLaunchViewController.swift in Sources */,
				CE5968642DA77A8B00915775 /* ListTypeBasicModel.swift in Sources */,
				CE03C52C2DB72AEB0014E9EE /* ViewSizeCalculator.swift in Sources */,
				CE9EA4DD2C5CC10C0032D17B /* CustomRectView.swift in Sources */,
				CE6A5E0B2F3093EF001D925A /* UIViewControllerEx.swift in Sources */,
				CE15046E2F52C6A100CFF091 /* LanguageManager.swift in Sources */,
				CE7BADE42F23663C00762D44 /* VCEx_forWorkpage.swift in Sources */,
				CE3D58F22D30D9BD00C6C07F /* RegisterTableViewController.swift in Sources */,
				CE3DEACE2F1A1E0100367151 /* CustomPickViewVC.swift in Sources */,
				CED9EE002C3CD59900FB02BB /* MVC.swift in Sources */,
				CE2F51F82F1DDE6F005A210F /* CustomPickerRowView.swift in Sources */,
				CEF6135D2DD7229000A262D4 /* CustomNotification.swift in Sources */,
				CE2F51FC2F1DE2B4005A210F /* ProgrammablePagelistCell.swift in Sources */,
				CE34E7BA2D12D5AC00A18748 /* MockBleManager.swift in Sources */,
				CE0B0DB02CA6B6E100D65851 /* CircleView.swift in Sources */,
				CE7BE0812C0D73D800DED639 /* AppDelegate.swift in Sources */,
				CE782EDA2DA52576002AB2BA /* CustomCollectionViewCell.swift in Sources */,
				CE7B91582C325724008ECE09 /* Deformed3Dtext.swift in Sources */,
				CE7BE0832C0D73D800DED639 /* SceneDelegate.swift in Sources */,
				CE03C52E2DB73AFD0014E9EE /* CustomBitTool.swift in Sources */,
				CEC96FE02F35EEF600388F6C /* BaseV.swift in Sources */,
				CE3DEAD22F1A202F00367151 /* VCEx_forWheelNumberPicker.swift in Sources */,
				CEDA627A2C957159003B46C3 /* Extentions.swift in Sources */,
				CE6A77A62D127D2900127069 /* BleManager.swift in Sources */,
				CE7BADDC2F232E6000762D44 /* PresetPageV.swift in Sources */,
				CE03C5382DB77C560014E9EE /* CustomAlert.swift in Sources */,
				CE6A5E092F308F48001D925A /* KeyboardHandler.swift in Sources */,
				CEFDA7B62F188418004E4893 /* PickVandNumberKeyboard.swift in Sources */,
				CE782ED22DA50AFE002AB2BA /* CustomTableViewCell.swift in Sources */,
				CE36A5382F3476C300BEA9CA /* PrimaryViewController.swift in Sources */,
				CE2F51F42F1DD43A005A210F /* ChargePageCell.swift in Sources */,
				CEA0C6A92DAD0E54003CBAC1 /* CustomSystemTime.swift in Sources */,
				CECD4F3D2F2A2C6600762512 /* SettingsCell.swift in Sources */,
				CEFDA7C52F18D531004E4893 /* NumberKeyCell.swift in Sources */,
				CEE2C1AA2F28C31C00E7B747 /* Enums.swift in Sources */,
				CE3DEAD42F1A3F6C00367151 /* VCEx_forBottomMenu.swift in Sources */,
				CEC96FD52F35A38C00388F6C /* SectionItem.swift in Sources */,
				CE2F51F22F1DD0B8005A210F /* ChargePageV.swift in Sources */,
				CEF6135B2DD6EF4000A262D4 /* TimeFormatter.swift in Sources */,
				CECD4F392F2A17A200762512 /* VCEx_forProgrammablepage.swift in Sources */,
				CE7BADE02F2349F400762D44 /* PresetListCell.swift in Sources */,
				CE6A5E072F307EAC001D925A /* SwipeableTableCell.swift in Sources */,
				CEE2C1A62F28C18300E7B747 /* ModelEx_forWorkpage.swift in Sources */,
				CE6A77A82D12ABDE00127069 /* BleManagerM.swift in Sources */,
				CE7BE08B2C0D73D800DED639 /* SwiftTest.xcdatamodeld in Sources */,
				CEE2C1A82F28C1D600E7B747 /* Structs.swift in Sources */,
				CE6C6E382F19D104008F78ED /* TitleContainer.swift in Sources */,
				CE56B57A2D3796900080C865 /* ResetPasswordTableViewController.swift in Sources */,
				CE2597292DD5EDEB00912E1F /* CustomUsbData.swift in Sources */,
				CECB34A82D0FD195004F6809 /* CircularProgressV.swift in Sources */,
				CE2FF2A12DA8B63B003B0BB2 /* DemoTestVC.swift in Sources */,
				CE6C6E422F19D4C4008F78ED /* VCEx_forNumberKeyboard.swift in Sources */,
				CE03C5362DB77C350014E9EE /* CustomLog.swift in Sources */,
				CEDA62772C956EB0003B46C3 /* SectionDecorationViewCollectionViewLayoutAttributes.swift in Sources */,
				CEA572D42DB66A08001DE50D /* UIColor-Ex.swift in Sources */,
				CED9EE042C3CE64C00FB02BB /* MVVM_Controller.swift in Sources */,
				CEEC9AC72C0EACAC00D93389 /* CommonClass.swift in Sources */,
				CEF2291B2DA6775800A4BA2D /* CustomSelectionViewController.swift in Sources */,
				CE6C6E402F19D286008F78ED /* BottommenuV.swift in Sources */,
				CEFDA7C12F18D422004E4893 /* NumberKeyboardView.swift in Sources */,
				CE782EDD2DA52AB4002AB2BA /* CustomCollectionHeaderView.swift in Sources */,
				CE0FF5C62F552957002213B6 /* MultilineSegmentedControl.swift in Sources */,
				CE36A53A2F34771400BEA9CA /* DetailViewController.swift in Sources */,
				CE2092CE2C5B90D2002755D5 /* SectionDecorationLayout.swift in Sources */,
				CECD5D472CEF42D800A50EB5 /* GlobalFunctions.swift in Sources */,
				CE03C5302DB76A360014E9EE /* FileManager-Ex.swift in Sources */,
				CE6C6E352F19CEA9008F78ED /* CustomSetNumBtn.swift in Sources */,
				CEFDA7BF2F18D06C004E4893 /* WheelNumberPicker.swift in Sources */,
				CEA572D22DB65F6B001DE50D /* MathUtil.swift in Sources */,
				CEC96FD82F35A3B700388F6C /* ExpandableDecorationCollectionViewController.swift in Sources */,
				CE59686A2DA7D17900915775 /* DemoSelectedListTypeVC.swift in Sources */,
				CE2F51F62F1DD553005A210F /* ChargeSettingCell.swift in Sources */,
				CE03C5342DB77B920014E9EE /* UIView-Ex.swift in Sources */,
				CEFDA7C32F18D505004E4893 /* NumberKeyboardManager.swift in Sources */,
				CEF2C79C2DB0B38000D18585 /* CustomExpandedTapView.swift in Sources */,
				CEC96FDB2F35A47C00388F6C /* ExpandableSectionHeaderView.swift in Sources */,
				CEB5CCA52DAF846A000BB5BE /* CustomSlider.swift in Sources */,
				CECD4F372F299F3300762512 /* VCEx_forPresetpage.swift in Sources */,
				CE2092D02C5B91FB002755D5 /* SectionBackgroundReusableView.swift in Sources */,
				CE03C5322DB772850014E9EE /* String-Ex.swift in Sources */,
				CEFFEE7B2F1A11DC003BFA32 /* CustomPickViewM.swift in Sources */,
				CE3DEACC2F1A1BE500367151 /* TestBaseVC.swift in Sources */,
				CEB5CCA32DAF6578000BB5BE /* DemoTestM.swift in Sources */,
				CE2FF29B2DA8A506003B0BB2 /* CustomDataForListComposer.swift in Sources */,
				CE5968662DA77BDD00915775 /* Serializable.swift in Sources */,
				CEC96FDD2F35CD9600388F6C /* ExpandableCollectionViewCell.swift in Sources */,
				CE36A5352F34769900BEA9CA /* MailItem.swift in Sources */,
			);
			runOnlyForDeploymentPostprocessing = 0;
		};
/* End PBXSourcesBuildPhase section */

/* Begin PBXVariantGroup section */
		CE3D58F42D30D9C500C6C07F /* Register.storyboard */ = {
			isa = PBXVariantGroup;
			children = (
				CE3D58F32D30D9C500C6C07F /* Register.storyboard */,
			);
			name = Register.storyboard;
			sourceTree = "<group>";
		};
		CEF613562DD6D58600A262D4 /* Localizable.strings */ = {
			isa = PBXVariantGroup;
			children = (
				CEF613552DD6D58600A262D4 /* zh-Hans */,
				CEF613582DD6D58900A262D4 /* en */,
			);
			name = Localizable.strings;
			sourceTree = "<group>";
		};
		CEFC07DB2D1D581E00693657 /* CustomLogin.storyboard */ = {
			isa = PBXVariantGroup;
			children = (
				CEFC07DA2D1D581E00693657 /* Base */,
				CEFC07DF2D1D58EB00693657 /* zh-Hans */,
				CEFC07E12D1D590B00693657 /* en */,
			);
			name = CustomLogin.storyboard;
			sourceTree = "<group>";
		};
/* End PBXVariantGroup section */

/* Begin XCBuildConfiguration section */
		CE7BE0A82C0D73DA00DED639 /* Debug */ = {
			isa = XCBuildConfiguration;
			buildSettings = {
				ALWAYS_SEARCH_USER_PATHS = NO;
				ASSETCATALOG_COMPILER_GENERATE_SWIFT_ASSET_SYMBOL_EXTENSIONS = YES;
				CLANG_ANALYZER_NONNULL = YES;
				CLANG_ANALYZER_NUMBER_OBJECT_CONVERSION = YES_AGGRESSIVE;
				CLANG_CXX_LANGUAGE_STANDARD = "gnu++20";
				CLANG_ENABLE_MODULES = YES;
				CLANG_ENABLE_OBJC_ARC = YES;
				CLANG_ENABLE_OBJC_WEAK = YES;
				CLANG_WARN_BLOCK_CAPTURE_AUTORELEASING = YES;
				CLANG_WARN_BOOL_CONVERSION = YES;
				CLANG_WARN_COMMA = YES;
				CLANG_WARN_CONSTANT_CONVERSION = YES;
				CLANG_WARN_DEPRECATED_OBJC_IMPLEMENTATIONS = YES;
				CLANG_WARN_DIRECT_OBJC_ISA_USAGE = YES_ERROR;
				CLANG_WARN_DOCUMENTATION_COMMENTS = YES;
				CLANG_WARN_EMPTY_BODY = YES;
				CLANG_WARN_ENUM_CONVERSION = YES;
				CLANG_WARN_INFINITE_RECURSION = YES;
				CLANG_WARN_INT_CONVERSION = YES;
				CLANG_WARN_NON_LITERAL_NULL_CONVERSION = YES;
				CLANG_WARN_OBJC_IMPLICIT_RETAIN_SELF = YES;
				CLANG_WARN_OBJC_LITERAL_CONVERSION = YES;
				CLANG_WARN_OBJC_ROOT_CLASS = YES_ERROR;
				CLANG_WARN_QUOTED_INCLUDE_IN_FRAMEWORK_HEADER = YES;
				CLANG_WARN_RANGE_LOOP_ANALYSIS = YES;
				CLANG_WARN_STRICT_PROTOTYPES = YES;
				CLANG_WARN_SUSPICIOUS_MOVE = YES;
				CLANG_WARN_UNGUARDED_AVAILABILITY = YES_AGGRESSIVE;
				CLANG_WARN_UNREACHABLE_CODE = YES;
				CLANG_WARN__DUPLICATE_METHOD_MATCH = YES;
				COPY_PHASE_STRIP = NO;
				DEBUG_INFORMATION_FORMAT = dwarf;
				ENABLE_STRICT_OBJC_MSGSEND = YES;
				ENABLE_TESTABILITY = YES;
				ENABLE_USER_SCRIPT_SANDBOXING = NO;
				"EXCLUDED_ARCHS[sdk=iphonesimulator*]" = arm64;
				GCC_C_LANGUAGE_STANDARD = gnu17;
				GCC_DYNAMIC_NO_PIC = NO;
				GCC_NO_COMMON_BLOCKS = YES;
				GCC_OPTIMIZATION_LEVEL = 0;
				GCC_PREPROCESSOR_DEFINITIONS = (
					"DEBUG=1",
					"$(inherited)",
				);
				GCC_WARN_64_TO_32_BIT_CONVERSION = YES;
				GCC_WARN_ABOUT_RETURN_TYPE = YES_ERROR;
				GCC_WARN_UNDECLARED_SELECTOR = YES;
				GCC_WARN_UNINITIALIZED_AUTOS = YES_AGGRESSIVE;
				GCC_WARN_UNUSED_FUNCTION = YES;
				GCC_WARN_UNUSED_VARIABLE = YES;
				IPHONEOS_DEPLOYMENT_TARGET = 12.0;
				LOCALIZATION_PREFERS_STRING_CATALOGS = YES;
				MTL_ENABLE_DEBUG_INFO = INCLUDE_SOURCE;
				MTL_FAST_MATH = YES;
				ONLY_ACTIVE_ARCH = YES;
				SDKROOT = iphoneos;
				SWIFT_ACTIVE_COMPILATION_CONDITIONS = "DEBUG $(inherited)";
				SWIFT_OPTIMIZATION_LEVEL = "-Onone";
			};
			name = Debug;
		};
		CE7BE0A92C0D73DA00DED639 /* Release */ = {
			isa = XCBuildConfiguration;
			buildSettings = {
				ALWAYS_SEARCH_USER_PATHS = NO;
				ASSETCATALOG_COMPILER_GENERATE_SWIFT_ASSET_SYMBOL_EXTENSIONS = YES;
				CLANG_ANALYZER_NONNULL = YES;
				CLANG_ANALYZER_NUMBER_OBJECT_CONVERSION = YES_AGGRESSIVE;
				CLANG_CXX_LANGUAGE_STANDARD = "gnu++20";
				CLANG_ENABLE_MODULES = YES;
				CLANG_ENABLE_OBJC_ARC = YES;
				CLANG_ENABLE_OBJC_WEAK = YES;
				CLANG_WARN_BLOCK_CAPTURE_AUTORELEASING = YES;
				CLANG_WARN_BOOL_CONVERSION = YES;
				CLANG_WARN_COMMA = YES;
				CLANG_WARN_CONSTANT_CONVERSION = YES;
				CLANG_WARN_DEPRECATED_OBJC_IMPLEMENTATIONS = YES;
				CLANG_WARN_DIRECT_OBJC_ISA_USAGE = YES_ERROR;
				CLANG_WARN_DOCUMENTATION_COMMENTS = YES;
				CLANG_WARN_EMPTY_BODY = YES;
				CLANG_WARN_ENUM_CONVERSION = YES;
				CLANG_WARN_INFINITE_RECURSION = YES;
				CLANG_WARN_INT_CONVERSION = YES;
				CLANG_WARN_NON_LITERAL_NULL_CONVERSION = YES;
				CLANG_WARN_OBJC_IMPLICIT_RETAIN_SELF = YES;
				CLANG_WARN_OBJC_LITERAL_CONVERSION = YES;
				CLANG_WARN_OBJC_ROOT_CLASS = YES_ERROR;
				CLANG_WARN_QUOTED_INCLUDE_IN_FRAMEWORK_HEADER = YES;
				CLANG_WARN_RANGE_LOOP_ANALYSIS = YES;
				CLANG_WARN_STRICT_PROTOTYPES = YES;
				CLANG_WARN_SUSPICIOUS_MOVE = YES;
				CLANG_WARN_UNGUARDED_AVAILABILITY = YES_AGGRESSIVE;
				CLANG_WARN_UNREACHABLE_CODE = YES;
				CLANG_WARN__DUPLICATE_METHOD_MATCH = YES;
				COPY_PHASE_STRIP = NO;
				DEBUG_INFORMATION_FORMAT = "dwarf-with-dsym";
				ENABLE_NS_ASSERTIONS = NO;
				ENABLE_STRICT_OBJC_MSGSEND = YES;
				ENABLE_USER_SCRIPT_SANDBOXING = NO;
				EXCLUDED_ARCHS = "";
				GCC_C_LANGUAGE_STANDARD = gnu17;
				GCC_NO_COMMON_BLOCKS = YES;
				GCC_WARN_64_TO_32_BIT_CONVERSION = YES;
				GCC_WARN_ABOUT_RETURN_TYPE = YES_ERROR;
				GCC_WARN_UNDECLARED_SELECTOR = YES;
				GCC_WARN_UNINITIALIZED_AUTOS = YES_AGGRESSIVE;
				GCC_WARN_UNUSED_FUNCTION = YES;
				GCC_WARN_UNUSED_VARIABLE = YES;
				IPHONEOS_DEPLOYMENT_TARGET = 12.0;
				LOCALIZATION_PREFERS_STRING_CATALOGS = YES;
				MTL_ENABLE_DEBUG_INFO = NO;
				MTL_FAST_MATH = YES;
				SDKROOT = iphoneos;
				SWIFT_COMPILATION_MODE = wholemodule;
				VALIDATE_PRODUCT = YES;
			};
			name = Release;
		};
		CE7BE0AB2C0D73DA00DED639 /* Debug */ = {
			isa = XCBuildConfiguration;
			baseConfigurationReference = A5D43225E8A26F910CDEF5BC /* Pods-SwiftTest.debug.xcconfig */;
			buildSettings = {
				ASSETCATALOG_COMPILER_APPICON_NAME = AppIcon;
				ASSETCATALOG_COMPILER_GLOBAL_ACCENT_COLOR_NAME = AccentColor;
				CODE_SIGN_STYLE = Automatic;
				CURRENT_PROJECT_VERSION = 1;
				DEVELOPMENT_TEAM = ABPL22F4U4;
				GENERATE_INFOPLIST_FILE = YES;
				INFOPLIST_FILE = SwiftTest/Info.plist;
				INFOPLIST_KEY_NSBluetoothAlwaysUsageDescription = "App needs to use Bluetooth to connect to the device.";
				INFOPLIST_KEY_NSBluetoothPeripheralUsageDescription = "App needs to use Bluetooth to connect to the device.";
				INFOPLIST_KEY_UIApplicationSupportsIndirectInputEvents = YES;
				INFOPLIST_KEY_UILaunchStoryboardName = LaunchScreen.storyboard;
				INFOPLIST_KEY_UISupportedInterfaceOrientations_iPad = "UIInterfaceOrientationPortrait UIInterfaceOrientationPortraitUpsideDown UIInterfaceOrientationLandscapeLeft UIInterfaceOrientationLandscapeRight";
				INFOPLIST_KEY_UISupportedInterfaceOrientations_iPhone = "UIInterfaceOrientationPortrait UIInterfaceOrientationLandscapeLeft UIInterfaceOrientationLandscapeRight";
				IPHONEOS_DEPLOYMENT_TARGET = 12.0;
				LD_RUNPATH_SEARCH_PATHS = (
					"$(inherited)",
					"@executable_path/Frameworks",
				);
				MARKETING_VERSION = 1.0.0;
				PRODUCT_BUNDLE_IDENTIFIER = SwiftTest.SwiftTest1;
				PRODUCT_NAME = "$(TARGET_NAME)";
				SWIFT_EMIT_LOC_STRINGS = YES;
				SWIFT_VERSION = 5.0;
				TARGETED_DEVICE_FAMILY = "1,2";
			};
			name = Debug;
		};
		CE7BE0AC2C0D73DA00DED639 /* Release */ = {
			isa = XCBuildConfiguration;
			baseConfigurationReference = 53939064D43031C817C1379D /* Pods-SwiftTest.release.xcconfig */;
			buildSettings = {
				ASSETCATALOG_COMPILER_APPICON_NAME = AppIcon;
				ASSETCATALOG_COMPILER_GLOBAL_ACCENT_COLOR_NAME = AccentColor;
				CODE_SIGN_STYLE = Automatic;
				CURRENT_PROJECT_VERSION = 1;
				DEVELOPMENT_TEAM = ABPL22F4U4;
				GENERATE_INFOPLIST_FILE = YES;
				INFOPLIST_FILE = SwiftTest/Info.plist;
				INFOPLIST_KEY_NSBluetoothAlwaysUsageDescription = "App needs to use Bluetooth to connect to the device.";
				INFOPLIST_KEY_NSBluetoothPeripheralUsageDescription = "App needs to use Bluetooth to connect to the device.";
				INFOPLIST_KEY_UIApplicationSupportsIndirectInputEvents = YES;
				INFOPLIST_KEY_UILaunchStoryboardName = LaunchScreen.storyboard;
				INFOPLIST_KEY_UISupportedInterfaceOrientations_iPad = "UIInterfaceOrientationPortrait UIInterfaceOrientationPortraitUpsideDown UIInterfaceOrientationLandscapeLeft UIInterfaceOrientationLandscapeRight";
				INFOPLIST_KEY_UISupportedInterfaceOrientations_iPhone = "UIInterfaceOrientationPortrait UIInterfaceOrientationLandscapeLeft UIInterfaceOrientationLandscapeRight";
				IPHONEOS_DEPLOYMENT_TARGET = 12.0;
				LD_RUNPATH_SEARCH_PATHS = (
					"$(inherited)",
					"@executable_path/Frameworks",
				);
				MARKETING_VERSION = 1.0.0;
				PRODUCT_BUNDLE_IDENTIFIER = SwiftTest.SwiftTest1;
				PRODUCT_NAME = "$(TARGET_NAME)";
				SWIFT_EMIT_LOC_STRINGS = YES;
				SWIFT_VERSION = 5.0;
				TARGETED_DEVICE_FAMILY = "1,2";
			};
			name = Release;
		};
/* End XCBuildConfiguration section */

/* Begin XCConfigurationList section */
		CE7BE0782C0D73D800DED639 /* Build configuration list for PBXProject "SwiftTest" */ = {
			isa = XCConfigurationList;
			buildConfigurations = (
				CE7BE0A82C0D73DA00DED639 /* Debug */,
				CE7BE0A92C0D73DA00DED639 /* Release */,
			);
			defaultConfigurationIsVisible = 0;
			defaultConfigurationName = Release;
		};
		CE7BE0AA2C0D73DA00DED639 /* Build configuration list for PBXNativeTarget "SwiftTest" */ = {
			isa = XCConfigurationList;
			buildConfigurations = (
				CE7BE0AB2C0D73DA00DED639 /* Debug */,
				CE7BE0AC2C0D73DA00DED639 /* Release */,
			);
			defaultConfigurationIsVisible = 0;
			defaultConfigurationName = Release;
		};
/* End XCConfigurationList section */

/* Begin XCVersionGroup section */
		CE7BE0892C0D73D800DED639 /* SwiftTest.xcdatamodeld */ = {
			isa = XCVersionGroup;
			children = (
				CE7BE08A2C0D73D800DED639 /* SwiftTest.xcdatamodel */,
			);
			currentVersion = CE7BE08A2C0D73D800DED639 /* SwiftTest.xcdatamodel */;
			path = SwiftTest.xcdatamodeld;
			sourceTree = "<group>";
			versionGroupType = wrapper.xcdatamodel;
		};
/* End XCVersionGroup section */
	};
	rootObject = CE7BE0752C0D73D800DED639 /* Project object */;
}
